// !$*UTF8*$!
{
	archiveVersion = 1;
	classes = {
	};
	objectVersion = 46;
	objects = {

/* Begin PBXBuildFile section */
		57243EE918B6EEFE0070163A /* NormalDocumentTreeOrganizer.cpp in Sources */ = {isa = PBXBuildFile; fileRef = 57243EE718B6EEFE0070163A /* NormalDocumentTreeOrganizer.cpp */; };
		57243EEC18B6F05F0070163A /* IndependentNormalDocumentTreeOrganizer.cpp in Sources */ = {isa = PBXBuildFile; fileRef = 57243EEA18B6F05F0070163A /* IndependentNormalDocumentTreeOrganizer.cpp */; };
		57489DF718F5396C005F540E /* UIEventNames.cpp in Sources */ = {isa = PBXBuildFile; fileRef = 57489DF618F5396C005F540E /* UIEventNames.cpp */; };
		57549A921872578700D88296 /* LabelTTF.cpp in Sources */ = {isa = PBXBuildFile; fileRef = 57549A901872578700D88296 /* LabelTTF.cpp */; };
		57549A9618726A5300D88296 /* LabelBMFont.cpp in Sources */ = {isa = PBXBuildFile; fileRef = 57549A9418726A5300D88296 /* LabelBMFont.cpp */; };
		57549A9F1872773100D88296 /* LabelAtlas.cpp in Sources */ = {isa = PBXBuildFile; fileRef = 57549A9D1872773100D88296 /* LabelAtlas.cpp */; };
		575AD85D187B97D900AA0477 /* ScaleButton.cpp in Sources */ = {isa = PBXBuildFile; fileRef = 575AD85B187B97D900AA0477 /* ScaleButton.cpp */; };
		576B0DE918BAF3EF00A6F3C4 /* ElementCreator.cpp in Sources */ = {isa = PBXBuildFile; fileRef = 576B0DE718BAF3EF00A6F3C4 /* ElementCreator.cpp */; };
		576B0E1B18BC39C100A6F3C4 /* ComponentialElementParser.cpp in Sources */ = {isa = PBXBuildFile; fileRef = 576B0E1218BC39C100A6F3C4 /* ComponentialElementParser.cpp */; };
		576B0E1C18BC39C100A6F3C4 /* NodeParser.cpp in Sources */ = {isa = PBXBuildFile; fileRef = 576B0E1418BC39C100A6F3C4 /* NodeParser.cpp */; };
		576B0E1D18BC39C100A6F3C4 /* LabelPropertyParser.cpp in Sources */ = {isa = PBXBuildFile; fileRef = 576B0E1718BC39C100A6F3C4 /* LabelPropertyParser.cpp */; };
		576B0E1E18BC39C100A6F3C4 /* NodePropertyParser.cpp in Sources */ = {isa = PBXBuildFile; fileRef = 576B0E1918BC39C100A6F3C4 /* NodePropertyParser.cpp */; };
		576B0E2D18BD8B3600A6F3C4 /* UIBuilderConsts.cpp in Sources */ = {isa = PBXBuildFile; fileRef = 576B0E2C18BD8B3600A6F3C4 /* UIBuilderConsts.cpp */; };
		576B0E3118BD9FC300A6F3C4 /* IntegrativeNodeParser.cpp in Sources */ = {isa = PBXBuildFile; fileRef = 576B0E2F18BD9FC300A6F3C4 /* IntegrativeNodeParser.cpp */; };
		576B0E3718BDBC7A00A6F3C4 /* ElementParserFactory.cpp in Sources */ = {isa = PBXBuildFile; fileRef = 576B0E3518BDBC7A00A6F3C4 /* ElementParserFactory.cpp */; };
		576B0E3A18BDBD0D00A6F3C4 /* ElementCreatorFactory.cpp in Sources */ = {isa = PBXBuildFile; fileRef = 576B0E3818BDBD0D00A6F3C4 /* ElementCreatorFactory.cpp */; };
		576B0E3D18BDC97000A6F3C4 /* PropertyParserCompiler.cpp in Sources */ = {isa = PBXBuildFile; fileRef = 576B0E3B18BDC97000A6F3C4 /* PropertyParserCompiler.cpp */; };
		577A7988186C032C00F1B5D5 /* BuilderHandle.cpp in Sources */ = {isa = PBXBuildFile; fileRef = 577A7943186C032C00F1B5D5 /* BuilderHandle.cpp */; };
		577A7989186C032C00F1B5D5 /* UIBuilder.cpp in Sources */ = {isa = PBXBuildFile; fileRef = 577A7945186C032C00F1B5D5 /* UIBuilder.cpp */; };
		577A798A186C032C00F1B5D5 /* UIBuilderSimple.cpp in Sources */ = {isa = PBXBuildFile; fileRef = 577A7947186C032C00F1B5D5 /* UIBuilderSimple.cpp */; };
		577A798B186C032C00F1B5D5 /* Component.cpp in Sources */ = {isa = PBXBuildFile; fileRef = 577A7949186C032C00F1B5D5 /* Component.cpp */; };
		577A798C186C032C00F1B5D5 /* Container.cpp in Sources */ = {isa = PBXBuildFile; fileRef = 577A794B186C032C00F1B5D5 /* Container.cpp */; };
		577A798D186C032C00F1B5D5 /* Button.cpp in Sources */ = {isa = PBXBuildFile; fileRef = 577A794E186C032C00F1B5D5 /* Button.cpp */; };
		577A798E186C032C00F1B5D5 /* ComplexButton.cpp in Sources */ = {isa = PBXBuildFile; fileRef = 577A7950186C032C00F1B5D5 /* ComplexButton.cpp */; };
		577A798F186C032C00F1B5D5 /* Control.cpp in Sources */ = {isa = PBXBuildFile; fileRef = 577A7952186C032C00F1B5D5 /* Control.cpp */; };
		577A7990186C032C00F1B5D5 /* NormalButton.cpp in Sources */ = {isa = PBXBuildFile; fileRef = 577A7954186C032C00F1B5D5 /* NormalButton.cpp */; };
		577A7991186C032C00F1B5D5 /* UIEventListenerManager.cpp in Sources */ = {isa = PBXBuildFile; fileRef = 577A7957186C032C00F1B5D5 /* UIEventListenerManager.cpp */; };
		577A7992186C032C00F1B5D5 /* DocumentTreeOrganizer.cpp in Sources */ = {isa = PBXBuildFile; fileRef = 577A795B186C032C00F1B5D5 /* DocumentTreeOrganizer.cpp */; };
		577A7993186C032C00F1B5D5 /* IndependentDocumentTreeOrganizer.cpp in Sources */ = {isa = PBXBuildFile; fileRef = 577A795D186C032C00F1B5D5 /* IndependentDocumentTreeOrganizer.cpp */; };
		577A7994186C032C00F1B5D5 /* IndependentListOrganizer.cpp in Sources */ = {isa = PBXBuildFile; fileRef = 577A795F186C032C00F1B5D5 /* IndependentListOrganizer.cpp */; };
		577A7995186C032C00F1B5D5 /* IndependentOrderedListOrganizer.cpp in Sources */ = {isa = PBXBuildFile; fileRef = 577A7961186C032C00F1B5D5 /* IndependentOrderedListOrganizer.cpp */; };
		577A7996186C032C00F1B5D5 /* IndependentPriorityOrganizer.cpp in Sources */ = {isa = PBXBuildFile; fileRef = 577A7963186C032C00F1B5D5 /* IndependentPriorityOrganizer.cpp */; };
		577A7997186C032C00F1B5D5 /* InteractiveDispatcher.cpp in Sources */ = {isa = PBXBuildFile; fileRef = 577A7966186C032C00F1B5D5 /* InteractiveDispatcher.cpp */; };
		577A7998186C032C00F1B5D5 /* ListOrganizer.cpp in Sources */ = {isa = PBXBuildFile; fileRef = 577A7968186C032C00F1B5D5 /* ListOrganizer.cpp */; };
		577A7999186C032C00F1B5D5 /* OrderedListOrganizer.cpp in Sources */ = {isa = PBXBuildFile; fileRef = 577A796A186C032C00F1B5D5 /* OrderedListOrganizer.cpp */; };
		577A799A186C032C00F1B5D5 /* Organizer.cpp in Sources */ = {isa = PBXBuildFile; fileRef = 577A796C186C032C00F1B5D5 /* Organizer.cpp */; };
		577A799B186C032C00F1B5D5 /* OrganizerItem.cpp in Sources */ = {isa = PBXBuildFile; fileRef = 577A796E186C032C00F1B5D5 /* OrganizerItem.cpp */; };
		577A799C186C032C00F1B5D5 /* PriorityOrganizer.cpp in Sources */ = {isa = PBXBuildFile; fileRef = 577A7970186C032C00F1B5D5 /* PriorityOrganizer.cpp */; };
		577A799D186C032C00F1B5D5 /* Range.cpp in Sources */ = {isa = PBXBuildFile; fileRef = 577A7972186C032C00F1B5D5 /* Range.cpp */; };
		577A799F186C032C00F1B5D5 /* ListView.cpp in Sources */ = {isa = PBXBuildFile; fileRef = 577A7977186C032C00F1B5D5 /* ListView.cpp */; };
		577A79A0186C032C00F1B5D5 /* ScrollView.cpp in Sources */ = {isa = PBXBuildFile; fileRef = 577A7979186C032C00F1B5D5 /* ScrollView.cpp */; };
		577A79A1186C032C00F1B5D5 /* View.cpp in Sources */ = {isa = PBXBuildFile; fileRef = 577A797B186C032C00F1B5D5 /* View.cpp */; };
		577A79A4186C032C00F1B5D5 /* Utils.cpp in Sources */ = {isa = PBXBuildFile; fileRef = 577A7982186C032C00F1B5D5 /* Utils.cpp */; };
		577A7A261871130600F1B5D5 /* List.cpp in Sources */ = {isa = PBXBuildFile; fileRef = 577A7A201871130600F1B5D5 /* List.cpp */; };
		577A7A271871130600F1B5D5 /* Panel.cpp in Sources */ = {isa = PBXBuildFile; fileRef = 577A7A221871130600F1B5D5 /* Panel.cpp */; };
		577A7A281871130600F1B5D5 /* ScrollPanel.cpp in Sources */ = {isa = PBXBuildFile; fileRef = 577A7A241871130600F1B5D5 /* ScrollPanel.cpp */; };
		57B26177186818A200EFF1FD /* Foundation.framework in Frameworks */ = {isa = PBXBuildFile; fileRef = 1D30AB110D05D00D00671497 /* Foundation.framework */; };
		57BEBA0518C0992000AA720B /* ElementEventParser.cpp in Sources */ = {isa = PBXBuildFile; fileRef = 57BEBA0318C0992000AA720B /* ElementEventParser.cpp */; };
		57BEBA0918C42B8500AA720B /* ComponentPropertyParser.cpp in Sources */ = {isa = PBXBuildFile; fileRef = 57BEBA0718C42B8500AA720B /* ComponentPropertyParser.cpp */; };
		57BEBA0E18C477D200AA720B /* PropertyParser.cpp in Sources */ = {isa = PBXBuildFile; fileRef = 57BEBA0D18C477D200AA720B /* PropertyParser.cpp */; };
		57F0132318FE160E00CB32E9 /* Image.cpp in Sources */ = {isa = PBXBuildFile; fileRef = 57F0132118FE160E00CB32E9 /* Image.cpp */; };
/* End PBXBuildFile section */

/* Begin PBXCopyFilesBuildPhase section */
		57B26174186818A200EFF1FD /* CopyFiles */ = {
			isa = PBXCopyFilesBuildPhase;
			buildActionMask = 2147483647;
			dstPath = "include/$(PRODUCT_NAME)";
			dstSubfolderSpec = 16;
			files = (
			);
			runOnlyForDeploymentPostprocessing = 0;
		};
/* End PBXCopyFilesBuildPhase section */

/* Begin PBXFileReference section */
		1AC3624616D4A1E8000847F2 /* Prefix.pch */ = {isa = PBXFileReference; fileEncoding = 4; lastKnownFileType = sourcecode.c.h; path = Prefix.pch; sourceTree = SOURCE_ROOT; };
		1D30AB110D05D00D00671497 /* Foundation.framework */ = {isa = PBXFileReference; lastKnownFileType = wrapper.framework; name = Foundation.framework; path = System/Library/Frameworks/Foundation.framework; sourceTree = SDKROOT; };
		1DF5F4DF0D08C38300B7A737 /* UIKit.framework */ = {isa = PBXFileReference; lastKnownFileType = wrapper.framework; name = UIKit.framework; path = System/Library/Frameworks/UIKit.framework; sourceTree = SDKROOT; };
		288765A40DF7441C002DB57D /* CoreGraphics.framework */ = {isa = PBXFileReference; lastKnownFileType = wrapper.framework; name = CoreGraphics.framework; path = System/Library/Frameworks/CoreGraphics.framework; sourceTree = SDKROOT; };
		57243EE718B6EEFE0070163A /* NormalDocumentTreeOrganizer.cpp */ = {isa = PBXFileReference; fileEncoding = 4; lastKnownFileType = sourcecode.cpp.cpp; path = NormalDocumentTreeOrganizer.cpp; sourceTree = "<group>"; };
		57243EE818B6EEFE0070163A /* NormalDocumentTreeOrganizer.h */ = {isa = PBXFileReference; fileEncoding = 4; lastKnownFileType = sourcecode.c.h; path = NormalDocumentTreeOrganizer.h; sourceTree = "<group>"; };
		57243EEA18B6F05F0070163A /* IndependentNormalDocumentTreeOrganizer.cpp */ = {isa = PBXFileReference; fileEncoding = 4; lastKnownFileType = sourcecode.cpp.cpp; path = IndependentNormalDocumentTreeOrganizer.cpp; sourceTree = "<group>"; };
		57243EEB18B6F05F0070163A /* IndependentNormalDocumentTreeOrganizer.h */ = {isa = PBXFileReference; fileEncoding = 4; lastKnownFileType = sourcecode.c.h; path = IndependentNormalDocumentTreeOrganizer.h; sourceTree = "<group>"; };
		57489DF618F5396C005F540E /* UIEventNames.cpp */ = {isa = PBXFileReference; fileEncoding = 4; lastKnownFileType = sourcecode.cpp.cpp; path = UIEventNames.cpp; sourceTree = "<group>"; };
		57549A901872578700D88296 /* LabelTTF.cpp */ = {isa = PBXFileReference; fileEncoding = 4; lastKnownFileType = sourcecode.cpp.cpp; path = LabelTTF.cpp; sourceTree = "<group>"; };
		57549A911872578700D88296 /* LabelTTF.h */ = {isa = PBXFileReference; fileEncoding = 4; lastKnownFileType = sourcecode.c.h; path = LabelTTF.h; sourceTree = "<group>"; };
		57549A9418726A5300D88296 /* LabelBMFont.cpp */ = {isa = PBXFileReference; fileEncoding = 4; lastKnownFileType = sourcecode.cpp.cpp; path = LabelBMFont.cpp; sourceTree = "<group>"; };
		57549A9518726A5300D88296 /* LabelBMFont.h */ = {isa = PBXFileReference; fileEncoding = 4; lastKnownFileType = sourcecode.c.h; path = LabelBMFont.h; sourceTree = "<group>"; };
		57549A9D1872773100D88296 /* LabelAtlas.cpp */ = {isa = PBXFileReference; fileEncoding = 4; lastKnownFileType = sourcecode.cpp.cpp; path = LabelAtlas.cpp; sourceTree = "<group>"; };
		57549A9E1872773100D88296 /* LabelAtlas.h */ = {isa = PBXFileReference; fileEncoding = 4; lastKnownFileType = sourcecode.c.h; path = LabelAtlas.h; sourceTree = "<group>"; };
		575AD85B187B97D900AA0477 /* ScaleButton.cpp */ = {isa = PBXFileReference; fileEncoding = 4; lastKnownFileType = sourcecode.cpp.cpp; path = ScaleButton.cpp; sourceTree = "<group>"; };
		575AD85C187B97D900AA0477 /* ScaleButton.h */ = {isa = PBXFileReference; fileEncoding = 4; lastKnownFileType = sourcecode.c.h; path = ScaleButton.h; sourceTree = "<group>"; };
		576B0DE718BAF3EF00A6F3C4 /* ElementCreator.cpp */ = {isa = PBXFileReference; fileEncoding = 4; lastKnownFileType = sourcecode.cpp.cpp; path = ElementCreator.cpp; sourceTree = "<group>"; };
		576B0DE818BAF3EF00A6F3C4 /* ElementCreator.h */ = {isa = PBXFileReference; fileEncoding = 4; lastKnownFileType = sourcecode.c.h; path = ElementCreator.h; sourceTree = "<group>"; };
		576B0DEA18BAFAA300A6F3C4 /* UIBuilderMacros.h */ = {isa = PBXFileReference; fileEncoding = 4; lastKnownFileType = sourcecode.c.h; path = UIBuilderMacros.h; sourceTree = "<group>"; };
		576B0DEC18BB18C500A6F3C4 /* PropertyParser.h */ = {isa = PBXFileReference; fileEncoding = 4; lastKnownFileType = sourcecode.c.h; path = PropertyParser.h; sourceTree = "<group>"; };
		576B0DF918BB4FCB00A6F3C4 /* ElementParser.h */ = {isa = PBXFileReference; fileEncoding = 4; lastKnownFileType = sourcecode.c.h; path = ElementParser.h; sourceTree = "<group>"; };
		576B0E1218BC39C100A6F3C4 /* ComponentialElementParser.cpp */ = {isa = PBXFileReference; fileEncoding = 4; lastKnownFileType = sourcecode.cpp.cpp; path = ComponentialElementParser.cpp; sourceTree = "<group>"; };
		576B0E1318BC39C100A6F3C4 /* ComponentialElementParser.h */ = {isa = PBXFileReference; fileEncoding = 4; lastKnownFileType = sourcecode.c.h; path = ComponentialElementParser.h; sourceTree = "<group>"; };
		576B0E1418BC39C100A6F3C4 /* NodeParser.cpp */ = {isa = PBXFileReference; fileEncoding = 4; lastKnownFileType = sourcecode.cpp.cpp; path = NodeParser.cpp; sourceTree = "<group>"; };
		576B0E1518BC39C100A6F3C4 /* NodeParser.h */ = {isa = PBXFileReference; fileEncoding = 4; lastKnownFileType = sourcecode.c.h; path = NodeParser.h; sourceTree = "<group>"; };
		576B0E1718BC39C100A6F3C4 /* LabelPropertyParser.cpp */ = {isa = PBXFileReference; fileEncoding = 4; lastKnownFileType = sourcecode.cpp.cpp; path = LabelPropertyParser.cpp; sourceTree = "<group>"; };
		576B0E1818BC39C100A6F3C4 /* LabelPropertyParser.h */ = {isa = PBXFileReference; fileEncoding = 4; lastKnownFileType = sourcecode.c.h; path = LabelPropertyParser.h; sourceTree = "<group>"; };
		576B0E1918BC39C100A6F3C4 /* NodePropertyParser.cpp */ = {isa = PBXFileReference; fileEncoding = 4; lastKnownFileType = sourcecode.cpp.cpp; path = NodePropertyParser.cpp; sourceTree = "<group>"; };
		576B0E1A18BC39C100A6F3C4 /* NodePropertyParser.h */ = {isa = PBXFileReference; fileEncoding = 4; lastKnownFileType = sourcecode.c.h; path = NodePropertyParser.h; sourceTree = "<group>"; };
		576B0E2B18BD8A9D00A6F3C4 /* UIBuilderConsts.h */ = {isa = PBXFileReference; fileEncoding = 4; lastKnownFileType = sourcecode.c.h; path = UIBuilderConsts.h; sourceTree = "<group>"; };
		576B0E2C18BD8B3600A6F3C4 /* UIBuilderConsts.cpp */ = {isa = PBXFileReference; fileEncoding = 4; lastKnownFileType = sourcecode.cpp.cpp; path = UIBuilderConsts.cpp; sourceTree = "<group>"; };
		576B0E2F18BD9FC300A6F3C4 /* IntegrativeNodeParser.cpp */ = {isa = PBXFileReference; fileEncoding = 4; lastKnownFileType = sourcecode.cpp.cpp; path = IntegrativeNodeParser.cpp; sourceTree = "<group>"; };
		576B0E3018BD9FC300A6F3C4 /* IntegrativeNodeParser.h */ = {isa = PBXFileReference; fileEncoding = 4; lastKnownFileType = sourcecode.c.h; path = IntegrativeNodeParser.h; sourceTree = "<group>"; };
		576B0E3518BDBC7A00A6F3C4 /* ElementParserFactory.cpp */ = {isa = PBXFileReference; fileEncoding = 4; lastKnownFileType = sourcecode.cpp.cpp; path = ElementParserFactory.cpp; sourceTree = "<group>"; };
		576B0E3618BDBC7A00A6F3C4 /* ElementParserFactory.h */ = {isa = PBXFileReference; fileEncoding = 4; lastKnownFileType = sourcecode.c.h; path = ElementParserFactory.h; sourceTree = "<group>"; };
		576B0E3818BDBD0D00A6F3C4 /* ElementCreatorFactory.cpp */ = {isa = PBXFileReference; fileEncoding = 4; lastKnownFileType = sourcecode.cpp.cpp; path = ElementCreatorFactory.cpp; sourceTree = "<group>"; };
		576B0E3918BDBD0D00A6F3C4 /* ElementCreatorFactory.h */ = {isa = PBXFileReference; fileEncoding = 4; lastKnownFileType = sourcecode.c.h; path = ElementCreatorFactory.h; sourceTree = "<group>"; };
		576B0E3B18BDC97000A6F3C4 /* PropertyParserCompiler.cpp */ = {isa = PBXFileReference; fileEncoding = 4; lastKnownFileType = sourcecode.cpp.cpp; path = PropertyParserCompiler.cpp; sourceTree = "<group>"; };
		576B0E3C18BDC97000A6F3C4 /* PropertyParserCompiler.h */ = {isa = PBXFileReference; fileEncoding = 4; lastKnownFileType = sourcecode.c.h; path = PropertyParserCompiler.h; sourceTree = "<group>"; };
		577A7943186C032C00F1B5D5 /* BuilderHandle.cpp */ = {isa = PBXFileReference; fileEncoding = 4; lastKnownFileType = sourcecode.cpp.cpp; path = BuilderHandle.cpp; sourceTree = "<group>"; };
		577A7944186C032C00F1B5D5 /* BuilderHandle.h */ = {isa = PBXFileReference; fileEncoding = 4; lastKnownFileType = sourcecode.c.h; path = BuilderHandle.h; sourceTree = "<group>"; };
		577A7945186C032C00F1B5D5 /* UIBuilder.cpp */ = {isa = PBXFileReference; fileEncoding = 4; lastKnownFileType = sourcecode.cpp.cpp; path = UIBuilder.cpp; sourceTree = "<group>"; };
		577A7946186C032C00F1B5D5 /* UIBuilder.h */ = {isa = PBXFileReference; fileEncoding = 4; lastKnownFileType = sourcecode.c.h; path = UIBuilder.h; sourceTree = "<group>"; };
		577A7947186C032C00F1B5D5 /* UIBuilderSimple.cpp */ = {isa = PBXFileReference; fileEncoding = 4; lastKnownFileType = sourcecode.cpp.cpp; path = UIBuilderSimple.cpp; sourceTree = "<group>"; };
		577A7948186C032C00F1B5D5 /* UIBuilderSimple.h */ = {isa = PBXFileReference; fileEncoding = 4; lastKnownFileType = sourcecode.c.h; path = UIBuilderSimple.h; sourceTree = "<group>"; };
		577A7949186C032C00F1B5D5 /* Component.cpp */ = {isa = PBXFileReference; fileEncoding = 4; lastKnownFileType = sourcecode.cpp.cpp; path = Component.cpp; sourceTree = "<group>"; };
		577A794A186C032C00F1B5D5 /* Component.h */ = {isa = PBXFileReference; fileEncoding = 4; lastKnownFileType = sourcecode.c.h; path = Component.h; sourceTree = "<group>"; };
		577A794B186C032C00F1B5D5 /* Container.cpp */ = {isa = PBXFileReference; fileEncoding = 4; lastKnownFileType = sourcecode.cpp.cpp; path = Container.cpp; sourceTree = "<group>"; };
		577A794C186C032C00F1B5D5 /* Container.h */ = {isa = PBXFileReference; fileEncoding = 4; lastKnownFileType = sourcecode.c.h; path = Container.h; sourceTree = "<group>"; };
		577A794E186C032C00F1B5D5 /* Button.cpp */ = {isa = PBXFileReference; fileEncoding = 4; lastKnownFileType = sourcecode.cpp.cpp; path = Button.cpp; sourceTree = "<group>"; };
		577A794F186C032C00F1B5D5 /* Button.h */ = {isa = PBXFileReference; fileEncoding = 4; lastKnownFileType = sourcecode.c.h; path = Button.h; sourceTree = "<group>"; };
		577A7950186C032C00F1B5D5 /* ComplexButton.cpp */ = {isa = PBXFileReference; fileEncoding = 4; lastKnownFileType = sourcecode.cpp.cpp; path = ComplexButton.cpp; sourceTree = "<group>"; };
		577A7951186C032C00F1B5D5 /* ComplexButton.h */ = {isa = PBXFileReference; fileEncoding = 4; lastKnownFileType = sourcecode.c.h; path = ComplexButton.h; sourceTree = "<group>"; };
		577A7952186C032C00F1B5D5 /* Control.cpp */ = {isa = PBXFileReference; fileEncoding = 4; lastKnownFileType = sourcecode.cpp.cpp; path = Control.cpp; sourceTree = "<group>"; };
		577A7953186C032C00F1B5D5 /* Control.h */ = {isa = PBXFileReference; fileEncoding = 4; lastKnownFileType = sourcecode.c.h; path = Control.h; sourceTree = "<group>"; };
		577A7954186C032C00F1B5D5 /* NormalButton.cpp */ = {isa = PBXFileReference; fileEncoding = 4; lastKnownFileType = sourcecode.cpp.cpp; path = NormalButton.cpp; sourceTree = "<group>"; };
		577A7955186C032C00F1B5D5 /* NormalButton.h */ = {isa = PBXFileReference; fileEncoding = 4; lastKnownFileType = sourcecode.c.h; path = NormalButton.h; sourceTree = "<group>"; };
		577A7957186C032C00F1B5D5 /* UIEventListenerManager.cpp */ = {isa = PBXFileReference; fileEncoding = 4; lastKnownFileType = sourcecode.cpp.cpp; path = UIEventListenerManager.cpp; sourceTree = "<group>"; };
		577A7958186C032C00F1B5D5 /* UIEventListenerManager.h */ = {isa = PBXFileReference; fileEncoding = 4; lastKnownFileType = sourcecode.c.h; path = UIEventListenerManager.h; sourceTree = "<group>"; };
		577A7959186C032C00F1B5D5 /* UIEventNames.h */ = {isa = PBXFileReference; fileEncoding = 4; lastKnownFileType = sourcecode.c.h; path = UIEventNames.h; sourceTree = "<group>"; };
		577A795B186C032C00F1B5D5 /* DocumentTreeOrganizer.cpp */ = {isa = PBXFileReference; fileEncoding = 4; lastKnownFileType = sourcecode.cpp.cpp; path = DocumentTreeOrganizer.cpp; sourceTree = "<group>"; };
		577A795C186C032C00F1B5D5 /* DocumentTreeOrganizer.h */ = {isa = PBXFileReference; fileEncoding = 4; lastKnownFileType = sourcecode.c.h; path = DocumentTreeOrganizer.h; sourceTree = "<group>"; };
		577A795D186C032C00F1B5D5 /* IndependentDocumentTreeOrganizer.cpp */ = {isa = PBXFileReference; fileEncoding = 4; lastKnownFileType = sourcecode.cpp.cpp; path = IndependentDocumentTreeOrganizer.cpp; sourceTree = "<group>"; };
		577A795E186C032C00F1B5D5 /* IndependentDocumentTreeOrganizer.h */ = {isa = PBXFileReference; fileEncoding = 4; lastKnownFileType = sourcecode.c.h; path = IndependentDocumentTreeOrganizer.h; sourceTree = "<group>"; };
		577A795F186C032C00F1B5D5 /* IndependentListOrganizer.cpp */ = {isa = PBXFileReference; fileEncoding = 4; lastKnownFileType = sourcecode.cpp.cpp; path = IndependentListOrganizer.cpp; sourceTree = "<group>"; };
		577A7960186C032C00F1B5D5 /* IndependentListOrganizer.h */ = {isa = PBXFileReference; fileEncoding = 4; lastKnownFileType = sourcecode.c.h; path = IndependentListOrganizer.h; sourceTree = "<group>"; };
		577A7961186C032C00F1B5D5 /* IndependentOrderedListOrganizer.cpp */ = {isa = PBXFileReference; fileEncoding = 4; lastKnownFileType = sourcecode.cpp.cpp; path = IndependentOrderedListOrganizer.cpp; sourceTree = "<group>"; };
		577A7962186C032C00F1B5D5 /* IndependentOrderedListOrganizer.h */ = {isa = PBXFileReference; fileEncoding = 4; lastKnownFileType = sourcecode.c.h; path = IndependentOrderedListOrganizer.h; sourceTree = "<group>"; };
		577A7963186C032C00F1B5D5 /* IndependentPriorityOrganizer.cpp */ = {isa = PBXFileReference; fileEncoding = 4; lastKnownFileType = sourcecode.cpp.cpp; path = IndependentPriorityOrganizer.cpp; sourceTree = "<group>"; };
		577A7964186C032C00F1B5D5 /* IndependentPriorityOrganizer.h */ = {isa = PBXFileReference; fileEncoding = 4; lastKnownFileType = sourcecode.c.h; path = IndependentPriorityOrganizer.h; sourceTree = "<group>"; };
		577A7965186C032C00F1B5D5 /* IndependentTouchDefine.h */ = {isa = PBXFileReference; fileEncoding = 4; lastKnownFileType = sourcecode.c.h; path = IndependentTouchDefine.h; sourceTree = "<group>"; };
		577A7966186C032C00F1B5D5 /* InteractiveDispatcher.cpp */ = {isa = PBXFileReference; fileEncoding = 4; lastKnownFileType = sourcecode.cpp.cpp; path = InteractiveDispatcher.cpp; sourceTree = "<group>"; };
		577A7967186C032C00F1B5D5 /* InteractiveDispatcher.h */ = {isa = PBXFileReference; fileEncoding = 4; lastKnownFileType = sourcecode.c.h; path = InteractiveDispatcher.h; sourceTree = "<group>"; };
		577A7968186C032C00F1B5D5 /* ListOrganizer.cpp */ = {isa = PBXFileReference; fileEncoding = 4; lastKnownFileType = sourcecode.cpp.cpp; path = ListOrganizer.cpp; sourceTree = "<group>"; };
		577A7969186C032C00F1B5D5 /* ListOrganizer.h */ = {isa = PBXFileReference; fileEncoding = 4; lastKnownFileType = sourcecode.c.h; path = ListOrganizer.h; sourceTree = "<group>"; };
		577A796A186C032C00F1B5D5 /* OrderedListOrganizer.cpp */ = {isa = PBXFileReference; fileEncoding = 4; lastKnownFileType = sourcecode.cpp.cpp; path = OrderedListOrganizer.cpp; sourceTree = "<group>"; };
		577A796B186C032C00F1B5D5 /* OrderedListOrganizer.h */ = {isa = PBXFileReference; fileEncoding = 4; lastKnownFileType = sourcecode.c.h; path = OrderedListOrganizer.h; sourceTree = "<group>"; };
		577A796C186C032C00F1B5D5 /* Organizer.cpp */ = {isa = PBXFileReference; fileEncoding = 4; lastKnownFileType = sourcecode.cpp.cpp; path = Organizer.cpp; sourceTree = "<group>"; };
		577A796D186C032C00F1B5D5 /* Organizer.h */ = {isa = PBXFileReference; fileEncoding = 4; lastKnownFileType = sourcecode.c.h; path = Organizer.h; sourceTree = "<group>"; };
		577A796E186C032C00F1B5D5 /* OrganizerItem.cpp */ = {isa = PBXFileReference; fileEncoding = 4; lastKnownFileType = sourcecode.cpp.cpp; path = OrganizerItem.cpp; sourceTree = "<group>"; };
		577A796F186C032C00F1B5D5 /* OrganizerItem.h */ = {isa = PBXFileReference; fileEncoding = 4; lastKnownFileType = sourcecode.c.h; path = OrganizerItem.h; sourceTree = "<group>"; };
		577A7970186C032C00F1B5D5 /* PriorityOrganizer.cpp */ = {isa = PBXFileReference; fileEncoding = 4; lastKnownFileType = sourcecode.cpp.cpp; path = PriorityOrganizer.cpp; sourceTree = "<group>"; };
		577A7971186C032C00F1B5D5 /* PriorityOrganizer.h */ = {isa = PBXFileReference; fileEncoding = 4; lastKnownFileType = sourcecode.c.h; path = PriorityOrganizer.h; sourceTree = "<group>"; };
		577A7972186C032C00F1B5D5 /* Range.cpp */ = {isa = PBXFileReference; fileEncoding = 4; lastKnownFileType = sourcecode.cpp.cpp; path = Range.cpp; sourceTree = "<group>"; };
		577A7973186C032C00F1B5D5 /* Range.h */ = {isa = PBXFileReference; fileEncoding = 4; lastKnownFileType = sourcecode.c.h; path = Range.h; sourceTree = "<group>"; };
		577A7977186C032C00F1B5D5 /* ListView.cpp */ = {isa = PBXFileReference; fileEncoding = 4; lastKnownFileType = sourcecode.cpp.cpp; path = ListView.cpp; sourceTree = "<group>"; };
		577A7978186C032C00F1B5D5 /* ListView.h */ = {isa = PBXFileReference; fileEncoding = 4; lastKnownFileType = sourcecode.c.h; path = ListView.h; sourceTree = "<group>"; };
		577A7979186C032C00F1B5D5 /* ScrollView.cpp */ = {isa = PBXFileReference; fileEncoding = 4; lastKnownFileType = sourcecode.cpp.cpp; path = ScrollView.cpp; sourceTree = "<group>"; };
		577A797A186C032C00F1B5D5 /* ScrollView.h */ = {isa = PBXFileReference; fileEncoding = 4; lastKnownFileType = sourcecode.c.h; path = ScrollView.h; sourceTree = "<group>"; };
		577A797B186C032C00F1B5D5 /* View.cpp */ = {isa = PBXFileReference; fileEncoding = 4; lastKnownFileType = sourcecode.cpp.cpp; path = View.cpp; sourceTree = "<group>"; };
		577A797C186C032C00F1B5D5 /* View.h */ = {isa = PBXFileReference; fileEncoding = 4; lastKnownFileType = sourcecode.c.h; path = View.h; sourceTree = "<group>"; };
		577A7982186C032C00F1B5D5 /* Utils.cpp */ = {isa = PBXFileReference; fileEncoding = 4; lastKnownFileType = sourcecode.cpp.cpp; path = Utils.cpp; sourceTree = "<group>"; };
		577A7983186C032C00F1B5D5 /* Utils.h */ = {isa = PBXFileReference; fileEncoding = 4; lastKnownFileType = sourcecode.c.h; path = Utils.h; sourceTree = "<group>"; };
		577A7986186C032C00F1B5D5 /* yhgui.h */ = {isa = PBXFileReference; fileEncoding = 4; lastKnownFileType = sourcecode.c.h; path = yhgui.h; sourceTree = "<group>"; };
		577A7987186C032C00F1B5D5 /* YHGUIMacros.h */ = {isa = PBXFileReference; fileEncoding = 4; lastKnownFileType = sourcecode.c.h; path = YHGUIMacros.h; sourceTree = "<group>"; };
		577A7A201871130600F1B5D5 /* List.cpp */ = {isa = PBXFileReference; fileEncoding = 4; lastKnownFileType = sourcecode.cpp.cpp; path = List.cpp; sourceTree = "<group>"; };
		577A7A211871130600F1B5D5 /* List.h */ = {isa = PBXFileReference; fileEncoding = 4; lastKnownFileType = sourcecode.c.h; path = List.h; sourceTree = "<group>"; };
		577A7A221871130600F1B5D5 /* Panel.cpp */ = {isa = PBXFileReference; fileEncoding = 4; lastKnownFileType = sourcecode.cpp.cpp; path = Panel.cpp; sourceTree = "<group>"; };
		577A7A231871130600F1B5D5 /* Panel.h */ = {isa = PBXFileReference; fileEncoding = 4; lastKnownFileType = sourcecode.c.h; path = Panel.h; sourceTree = "<group>"; };
		577A7A241871130600F1B5D5 /* ScrollPanel.cpp */ = {isa = PBXFileReference; fileEncoding = 4; lastKnownFileType = sourcecode.cpp.cpp; path = ScrollPanel.cpp; sourceTree = "<group>"; };
		577A7A251871130600F1B5D5 /* ScrollPanel.h */ = {isa = PBXFileReference; fileEncoding = 4; lastKnownFileType = sourcecode.c.h; path = ScrollPanel.h; sourceTree = "<group>"; };
		57B26176186818A200EFF1FD /* libyhgui.a */ = {isa = PBXFileReference; explicitFileType = archive.ar; includeInIndex = 0; path = libyhgui.a; sourceTree = BUILT_PRODUCTS_DIR; };
		57B26184186818A200EFF1FD /* XCTest.framework */ = {isa = PBXFileReference; lastKnownFileType = wrapper.framework; name = XCTest.framework; path = Library/Frameworks/XCTest.framework; sourceTree = DEVELOPER_DIR; };
		57BEBA0318C0992000AA720B /* ElementEventParser.cpp */ = {isa = PBXFileReference; fileEncoding = 4; lastKnownFileType = sourcecode.cpp.cpp; path = ElementEventParser.cpp; sourceTree = "<group>"; };
		57BEBA0418C0992000AA720B /* ElementEventParser.h */ = {isa = PBXFileReference; fileEncoding = 4; lastKnownFileType = sourcecode.c.h; path = ElementEventParser.h; sourceTree = "<group>"; };
		57BEBA0718C42B8500AA720B /* ComponentPropertyParser.cpp */ = {isa = PBXFileReference; fileEncoding = 4; lastKnownFileType = sourcecode.cpp.cpp; path = ComponentPropertyParser.cpp; sourceTree = "<group>"; };
		57BEBA0818C42B8500AA720B /* ComponentPropertyParser.h */ = {isa = PBXFileReference; fileEncoding = 4; lastKnownFileType = sourcecode.c.h; path = ComponentPropertyParser.h; sourceTree = "<group>"; };
		57BEBA0D18C477D200AA720B /* PropertyParser.cpp */ = {isa = PBXFileReference; fileEncoding = 4; lastKnownFileType = sourcecode.cpp.cpp; path = PropertyParser.cpp; sourceTree = "<group>"; };
		57F0132118FE160E00CB32E9 /* Image.cpp */ = {isa = PBXFileReference; fileEncoding = 4; lastKnownFileType = sourcecode.cpp.cpp; path = Image.cpp; sourceTree = "<group>"; };
		57F0132218FE160E00CB32E9 /* Image.h */ = {isa = PBXFileReference; fileEncoding = 4; lastKnownFileType = sourcecode.c.h; path = Image.h; sourceTree = "<group>"; };
		BF170DB012928DE900B8313A /* OpenGLES.framework */ = {isa = PBXFileReference; lastKnownFileType = wrapper.framework; name = OpenGLES.framework; path = System/Library/Frameworks/OpenGLES.framework; sourceTree = SDKROOT; };
		BF170DB412928DE900B8313A /* libz.dylib */ = {isa = PBXFileReference; lastKnownFileType = "compiled.mach-o.dylib"; name = libz.dylib; path = usr/lib/libz.dylib; sourceTree = SDKROOT; };
		BF1C47EA1293683800B63C5D /* QuartzCore.framework */ = {isa = PBXFileReference; lastKnownFileType = wrapper.framework; name = QuartzCore.framework; path = System/Library/Frameworks/QuartzCore.framework; sourceTree = SDKROOT; };
		D44C620B132DFF330009C878 /* OpenAL.framework */ = {isa = PBXFileReference; lastKnownFileType = wrapper.framework; name = OpenAL.framework; path = System/Library/Frameworks/OpenAL.framework; sourceTree = SDKROOT; };
		D44C620D132DFF430009C878 /* AVFoundation.framework */ = {isa = PBXFileReference; lastKnownFileType = wrapper.framework; name = AVFoundation.framework; path = System/Library/Frameworks/AVFoundation.framework; sourceTree = SDKROOT; };
		D44C620F132DFF4E0009C878 /* AudioToolbox.framework */ = {isa = PBXFileReference; lastKnownFileType = wrapper.framework; name = AudioToolbox.framework; path = System/Library/Frameworks/AudioToolbox.framework; sourceTree = SDKROOT; };
/* End PBXFileReference section */

/* Begin PBXFrameworksBuildPhase section */
		57B26173186818A200EFF1FD /* Frameworks */ = {
			isa = PBXFrameworksBuildPhase;
			buildActionMask = 2147483647;
			files = (
				57B26177186818A200EFF1FD /* Foundation.framework in Frameworks */,
			);
			runOnlyForDeploymentPostprocessing = 0;
		};
/* End PBXFrameworksBuildPhase section */

/* Begin PBXGroup section */
		19C28FACFE9D520D11CA2CBB /* Products */ = {
			isa = PBXGroup;
			children = (
				57B26176186818A200EFF1FD /* libyhgui.a */,
			);
			name = Products;
			sourceTree = "<group>";
		};
		29B97314FDCFA39411CA2CEA /* CustomTemplate */ = {
			isa = PBXGroup;
			children = (
				577A7941186C032C00F1B5D5 /* yhgui */,
				29B97323FDCFA39411CA2CEA /* Frameworks */,
				19C28FACFE9D520D11CA2CBB /* Products */,
				1AC3624616D4A1E8000847F2 /* Prefix.pch */,
			);
			name = CustomTemplate;
			sourceTree = "<group>";
		};
		29B97323FDCFA39411CA2CEA /* Frameworks */ = {
			isa = PBXGroup;
			children = (
				BF170DB412928DE900B8313A /* libz.dylib */,
				D44C620F132DFF4E0009C878 /* AudioToolbox.framework */,
				D44C620D132DFF430009C878 /* AVFoundation.framework */,
				288765A40DF7441C002DB57D /* CoreGraphics.framework */,
				1D30AB110D05D00D00671497 /* Foundation.framework */,
				D44C620B132DFF330009C878 /* OpenAL.framework */,
				BF170DB012928DE900B8313A /* OpenGLES.framework */,
				BF1C47EA1293683800B63C5D /* QuartzCore.framework */,
				1DF5F4DF0D08C38300B7A737 /* UIKit.framework */,
				57B26184186818A200EFF1FD /* XCTest.framework */,
			);
			name = Frameworks;
			sourceTree = "<group>";
		};
		57549A8F1872578700D88296 /* labels */ = {
			isa = PBXGroup;
			children = (
				57549A9D1872773100D88296 /* LabelAtlas.cpp */,
				57549A9E1872773100D88296 /* LabelAtlas.h */,
				57549A9418726A5300D88296 /* LabelBMFont.cpp */,
				57549A9518726A5300D88296 /* LabelBMFont.h */,
				57549A901872578700D88296 /* LabelTTF.cpp */,
				57549A911872578700D88296 /* LabelTTF.h */,
			);
			path = labels;
			sourceTree = "<group>";
		};
		576B0E1118BC39C100A6F3C4 /* element_parsers */ = {
			isa = PBXGroup;
			children = (
				576B0E1218BC39C100A6F3C4 /* ComponentialElementParser.cpp */,
				576B0E1318BC39C100A6F3C4 /* ComponentialElementParser.h */,
				576B0E2F18BD9FC300A6F3C4 /* IntegrativeNodeParser.cpp */,
				576B0E3018BD9FC300A6F3C4 /* IntegrativeNodeParser.h */,
				576B0E1418BC39C100A6F3C4 /* NodeParser.cpp */,
				576B0E1518BC39C100A6F3C4 /* NodeParser.h */,
			);
			path = element_parsers;
			sourceTree = "<group>";
		};
		576B0E1618BC39C100A6F3C4 /* property_parsers */ = {
			isa = PBXGroup;
			children = (
				57BEBA0718C42B8500AA720B /* ComponentPropertyParser.cpp */,
				57BEBA0818C42B8500AA720B /* ComponentPropertyParser.h */,
				576B0E1718BC39C100A6F3C4 /* LabelPropertyParser.cpp */,
				576B0E1818BC39C100A6F3C4 /* LabelPropertyParser.h */,
				576B0E1918BC39C100A6F3C4 /* NodePropertyParser.cpp */,
				576B0E1A18BC39C100A6F3C4 /* NodePropertyParser.h */,
			);
			path = property_parsers;
			sourceTree = "<group>";
		};
		577A7941186C032C00F1B5D5 /* yhgui */ = {
			isa = PBXGroup;
			children = (
				577A7942186C032C00F1B5D5 /* builder */,
				577A794D186C032C00F1B5D5 /* control */,
				577A7956186C032C00F1B5D5 /* event */,
				577A795A186C032C00F1B5D5 /* interactive */,
				57549A8F1872578700D88296 /* labels */,
				577A7976186C032C00F1B5D5 /* mobie */,
				577A7981186C032C00F1B5D5 /* utils */,
				577A7984186C032C00F1B5D5 /* widgets */,
				577A7949186C032C00F1B5D5 /* Component.cpp */,
				577A794A186C032C00F1B5D5 /* Component.h */,
				577A794B186C032C00F1B5D5 /* Container.cpp */,
				577A794C186C032C00F1B5D5 /* Container.h */,
				577A7986186C032C00F1B5D5 /* yhgui.h */,
				577A7987186C032C00F1B5D5 /* YHGUIMacros.h */,
			);
			name = yhgui;
			path = ../yhgui;
			sourceTree = "<group>";
		};
		577A7942186C032C00F1B5D5 /* builder */ = {
			isa = PBXGroup;
			children = (
				576B0E1118BC39C100A6F3C4 /* element_parsers */,
				576B0E1618BC39C100A6F3C4 /* property_parsers */,
				577A7943186C032C00F1B5D5 /* BuilderHandle.cpp */,
				577A7944186C032C00F1B5D5 /* BuilderHandle.h */,
				576B0DE718BAF3EF00A6F3C4 /* ElementCreator.cpp */,
				576B0DE818BAF3EF00A6F3C4 /* ElementCreator.h */,
				576B0E3818BDBD0D00A6F3C4 /* ElementCreatorFactory.cpp */,
				576B0E3918BDBD0D00A6F3C4 /* ElementCreatorFactory.h */,
				57BEBA0318C0992000AA720B /* ElementEventParser.cpp */,
				57BEBA0418C0992000AA720B /* ElementEventParser.h */,
				576B0DF918BB4FCB00A6F3C4 /* ElementParser.h */,
				576B0E3518BDBC7A00A6F3C4 /* ElementParserFactory.cpp */,
				576B0E3618BDBC7A00A6F3C4 /* ElementParserFactory.h */,
				57BEBA0D18C477D200AA720B /* PropertyParser.cpp */,
				576B0DEC18BB18C500A6F3C4 /* PropertyParser.h */,
				576B0E3B18BDC97000A6F3C4 /* PropertyParserCompiler.cpp */,
				576B0E3C18BDC97000A6F3C4 /* PropertyParserCompiler.h */,
				577A7945186C032C00F1B5D5 /* UIBuilder.cpp */,
				577A7946186C032C00F1B5D5 /* UIBuilder.h */,
				576B0E2C18BD8B3600A6F3C4 /* UIBuilderConsts.cpp */,
				576B0E2B18BD8A9D00A6F3C4 /* UIBuilderConsts.h */,
				576B0DEA18BAFAA300A6F3C4 /* UIBuilderMacros.h */,
				577A7947186C032C00F1B5D5 /* UIBuilderSimple.cpp */,
				577A7948186C032C00F1B5D5 /* UIBuilderSimple.h */,
			);
			path = builder;
			sourceTree = "<group>";
		};
		577A794D186C032C00F1B5D5 /* control */ = {
			isa = PBXGroup;
			children = (
				575AD85B187B97D900AA0477 /* ScaleButton.cpp */,
				575AD85C187B97D900AA0477 /* ScaleButton.h */,
				577A794E186C032C00F1B5D5 /* Button.cpp */,
				577A794F186C032C00F1B5D5 /* Button.h */,
				577A7950186C032C00F1B5D5 /* ComplexButton.cpp */,
				577A7951186C032C00F1B5D5 /* ComplexButton.h */,
				577A7952186C032C00F1B5D5 /* Control.cpp */,
				577A7953186C032C00F1B5D5 /* Control.h */,
				577A7954186C032C00F1B5D5 /* NormalButton.cpp */,
				577A7955186C032C00F1B5D5 /* NormalButton.h */,
			);
			path = control;
			sourceTree = "<group>";
		};
		577A7956186C032C00F1B5D5 /* event */ = {
			isa = PBXGroup;
			children = (
				577A7957186C032C00F1B5D5 /* UIEventListenerManager.cpp */,
				577A7958186C032C00F1B5D5 /* UIEventListenerManager.h */,
				57489DF618F5396C005F540E /* UIEventNames.cpp */,
				577A7959186C032C00F1B5D5 /* UIEventNames.h */,
			);
			path = event;
			sourceTree = "<group>";
		};
		577A795A186C032C00F1B5D5 /* interactive */ = {
			isa = PBXGroup;
			children = (
				577A795B186C032C00F1B5D5 /* DocumentTreeOrganizer.cpp */,
				577A795C186C032C00F1B5D5 /* DocumentTreeOrganizer.h */,
				577A795D186C032C00F1B5D5 /* IndependentDocumentTreeOrganizer.cpp */,
				577A795E186C032C00F1B5D5 /* IndependentDocumentTreeOrganizer.h */,
				577A795F186C032C00F1B5D5 /* IndependentListOrganizer.cpp */,
				577A7960186C032C00F1B5D5 /* IndependentListOrganizer.h */,
				57243EEA18B6F05F0070163A /* IndependentNormalDocumentTreeOrganizer.cpp */,
				57243EEB18B6F05F0070163A /* IndependentNormalDocumentTreeOrganizer.h */,
				577A7961186C032C00F1B5D5 /* IndependentOrderedListOrganizer.cpp */,
				577A7962186C032C00F1B5D5 /* IndependentOrderedListOrganizer.h */,
				577A7963186C032C00F1B5D5 /* IndependentPriorityOrganizer.cpp */,
				577A7964186C032C00F1B5D5 /* IndependentPriorityOrganizer.h */,
				577A7965186C032C00F1B5D5 /* IndependentTouchDefine.h */,
				577A7966186C032C00F1B5D5 /* InteractiveDispatcher.cpp */,
				577A7967186C032C00F1B5D5 /* InteractiveDispatcher.h */,
				577A7968186C032C00F1B5D5 /* ListOrganizer.cpp */,
				577A7969186C032C00F1B5D5 /* ListOrganizer.h */,
				57243EE718B6EEFE0070163A /* NormalDocumentTreeOrganizer.cpp */,
				57243EE818B6EEFE0070163A /* NormalDocumentTreeOrganizer.h */,
				577A796A186C032C00F1B5D5 /* OrderedListOrganizer.cpp */,
				577A796B186C032C00F1B5D5 /* OrderedListOrganizer.h */,
				577A796C186C032C00F1B5D5 /* Organizer.cpp */,
				577A796D186C032C00F1B5D5 /* Organizer.h */,
				577A796E186C032C00F1B5D5 /* OrganizerItem.cpp */,
				577A796F186C032C00F1B5D5 /* OrganizerItem.h */,
				577A7970186C032C00F1B5D5 /* PriorityOrganizer.cpp */,
				577A7971186C032C00F1B5D5 /* PriorityOrganizer.h */,
				577A7972186C032C00F1B5D5 /* Range.cpp */,
				577A7973186C032C00F1B5D5 /* Range.h */,
			);
			path = interactive;
			sourceTree = "<group>";
		};
		577A7976186C032C00F1B5D5 /* mobie */ = {
			isa = PBXGroup;
			children = (
				577A7977186C032C00F1B5D5 /* ListView.cpp */,
				577A7978186C032C00F1B5D5 /* ListView.h */,
				577A7979186C032C00F1B5D5 /* ScrollView.cpp */,
				577A797A186C032C00F1B5D5 /* ScrollView.h */,
				577A797B186C032C00F1B5D5 /* View.cpp */,
				577A797C186C032C00F1B5D5 /* View.h */,
			);
			path = mobie;
			sourceTree = "<group>";
		};
		577A7981186C032C00F1B5D5 /* utils */ = {
			isa = PBXGroup;
			children = (
				577A7982186C032C00F1B5D5 /* Utils.cpp */,
				577A7983186C032C00F1B5D5 /* Utils.h */,
			);
			path = utils;
			sourceTree = "<group>";
		};
		577A7984186C032C00F1B5D5 /* widgets */ = {
			isa = PBXGroup;
			children = (
				57F0132118FE160E00CB32E9 /* Image.cpp */,
				57F0132218FE160E00CB32E9 /* Image.h */,
				577A7A201871130600F1B5D5 /* List.cpp */,
				577A7A211871130600F1B5D5 /* List.h */,
				577A7A221871130600F1B5D5 /* Panel.cpp */,
				577A7A231871130600F1B5D5 /* Panel.h */,
				577A7A241871130600F1B5D5 /* ScrollPanel.cpp */,
				577A7A251871130600F1B5D5 /* ScrollPanel.h */,
			);
			path = widgets;
			sourceTree = "<group>";
		};
/* End PBXGroup section */

/* Begin PBXNativeTarget section */
		57B26175186818A200EFF1FD /* yhgui */ = {
			isa = PBXNativeTarget;
			buildConfigurationList = 57B26193186818A200EFF1FD /* Build configuration list for PBXNativeTarget "yhgui" */;
			buildPhases = (
				57B26172186818A200EFF1FD /* Sources */,
				57B26173186818A200EFF1FD /* Frameworks */,
				57B26174186818A200EFF1FD /* CopyFiles */,
			);
			buildRules = (
			);
			dependencies = (
			);
			name = yhgui;
			productName = yhgui;
			productReference = 57B26176186818A200EFF1FD /* libyhgui.a */;
			productType = "com.apple.product-type.library.static";
		};
/* End PBXNativeTarget section */

/* Begin PBXProject section */
		29B97313FDCFA39411CA2CEA /* Project object */ = {
			isa = PBXProject;
			attributes = {
				LastUpgradeCheck = 0430;
			};
			buildConfigurationList = C01FCF4E08A954540054247B /* Build configuration list for PBXProject "yhgui" */;
			compatibilityVersion = "Xcode 3.2";
			developmentRegion = English;
			hasScannedForEncodings = 1;
			knownRegions = (
				English,
				Japanese,
				French,
				German,
				en,
			);
			mainGroup = 29B97314FDCFA39411CA2CEA /* CustomTemplate */;
			projectDirPath = "";
			projectRoot = "";
			targets = (
				57B26175186818A200EFF1FD /* yhgui */,
			);
		};
/* End PBXProject section */

/* Begin PBXSourcesBuildPhase section */
		57B26172186818A200EFF1FD /* Sources */ = {
			isa = PBXSourcesBuildPhase;
			buildActionMask = 2147483647;
			files = (
				576B0E3D18BDC97000A6F3C4 /* PropertyParserCompiler.cpp in Sources */,
				577A7A261871130600F1B5D5 /* List.cpp in Sources */,
				57243EE918B6EEFE0070163A /* NormalDocumentTreeOrganizer.cpp in Sources */,
				577A7995186C032C00F1B5D5 /* IndependentOrderedListOrganizer.cpp in Sources */,
				577A7992186C032C00F1B5D5 /* DocumentTreeOrganizer.cpp in Sources */,
				577A7996186C032C00F1B5D5 /* IndependentPriorityOrganizer.cpp in Sources */,
				576B0DE918BAF3EF00A6F3C4 /* ElementCreator.cpp in Sources */,
				577A7A281871130600F1B5D5 /* ScrollPanel.cpp in Sources */,
				576B0E1D18BC39C100A6F3C4 /* LabelPropertyParser.cpp in Sources */,
				577A7990186C032C00F1B5D5 /* NormalButton.cpp in Sources */,
				57BEBA0918C42B8500AA720B /* ComponentPropertyParser.cpp in Sources */,
				576B0E1C18BC39C100A6F3C4 /* NodeParser.cpp in Sources */,
				57549A921872578700D88296 /* LabelTTF.cpp in Sources */,
				576B0E3A18BDBD0D00A6F3C4 /* ElementCreatorFactory.cpp in Sources */,
				577A799F186C032C00F1B5D5 /* ListView.cpp in Sources */,
				57BEBA0518C0992000AA720B /* ElementEventParser.cpp in Sources */,
				577A798E186C032C00F1B5D5 /* ComplexButton.cpp in Sources */,
				577A7999186C032C00F1B5D5 /* OrderedListOrganizer.cpp in Sources */,
				577A798C186C032C00F1B5D5 /* Container.cpp in Sources */,
				57F0132318FE160E00CB32E9 /* Image.cpp in Sources */,
				577A79A1186C032C00F1B5D5 /* View.cpp in Sources */,
				576B0E1B18BC39C100A6F3C4 /* ComponentialElementParser.cpp in Sources */,
				576B0E2D18BD8B3600A6F3C4 /* UIBuilderConsts.cpp in Sources */,
				577A7A271871130600F1B5D5 /* Panel.cpp in Sources */,
				577A7988186C032C00F1B5D5 /* BuilderHandle.cpp in Sources */,
				575AD85D187B97D900AA0477 /* ScaleButton.cpp in Sources */,
				577A798B186C032C00F1B5D5 /* Component.cpp in Sources */,
				57489DF718F5396C005F540E /* UIEventNames.cpp in Sources */,
				577A7989186C032C00F1B5D5 /* UIBuilder.cpp in Sources */,
				577A799B186C032C00F1B5D5 /* OrganizerItem.cpp in Sources */,
				577A7993186C032C00F1B5D5 /* IndependentDocumentTreeOrganizer.cpp in Sources */,
				576B0E3718BDBC7A00A6F3C4 /* ElementParserFactory.cpp in Sources */,
				577A79A4186C032C00F1B5D5 /* Utils.cpp in Sources */,
				57243EEC18B6F05F0070163A /* IndependentNormalDocumentTreeOrganizer.cpp in Sources */,
				577A7998186C032C00F1B5D5 /* ListOrganizer.cpp in Sources */,
				57549A9F1872773100D88296 /* LabelAtlas.cpp in Sources */,
				57549A9618726A5300D88296 /* LabelBMFont.cpp in Sources */,
				577A7994186C032C00F1B5D5 /* IndependentListOrganizer.cpp in Sources */,
				577A7991186C032C00F1B5D5 /* UIEventListenerManager.cpp in Sources */,
				577A799A186C032C00F1B5D5 /* Organizer.cpp in Sources */,
				577A79A0186C032C00F1B5D5 /* ScrollView.cpp in Sources */,
				57BEBA0E18C477D200AA720B /* PropertyParser.cpp in Sources */,
				577A799C186C032C00F1B5D5 /* PriorityOrganizer.cpp in Sources */,
				577A798F186C032C00F1B5D5 /* Control.cpp in Sources */,
				577A798A186C032C00F1B5D5 /* UIBuilderSimple.cpp in Sources */,
				576B0E3118BD9FC300A6F3C4 /* IntegrativeNodeParser.cpp in Sources */,
				577A799D186C032C00F1B5D5 /* Range.cpp in Sources */,
				577A798D186C032C00F1B5D5 /* Button.cpp in Sources */,
				577A7997186C032C00F1B5D5 /* InteractiveDispatcher.cpp in Sources */,
				576B0E1E18BC39C100A6F3C4 /* NodePropertyParser.cpp in Sources */,
			);
			runOnlyForDeploymentPostprocessing = 0;
		};
/* End PBXSourcesBuildPhase section */

/* Begin XCBuildConfiguration section */
		57B26194186818A200EFF1FD /* Debug */ = {
			isa = XCBuildConfiguration;
			buildSettings = {
				ALWAYS_SEARCH_USER_PATHS = NO;
				ARCHS = "$(ARCHS_STANDARD)";
				CLANG_CXX_LANGUAGE_STANDARD = "compiler-default";
				CLANG_CXX_LIBRARY = "compiler-default";
				CLANG_ENABLE_MODULES = YES;
				CLANG_ENABLE_OBJC_ARC = NO;
				CLANG_WARN_BOOL_CONVERSION = YES;
				CLANG_WARN_CONSTANT_CONVERSION = YES;
				CLANG_WARN_DIRECT_OBJC_ISA_USAGE = YES_ERROR;
				CLANG_WARN_EMPTY_BODY = YES;
				CLANG_WARN_ENUM_CONVERSION = YES;
				CLANG_WARN_INT_CONVERSION = YES;
				CLANG_WARN_OBJC_ROOT_CLASS = YES_ERROR;
				CLANG_WARN__DUPLICATE_METHOD_MATCH = YES;
				COPY_PHASE_STRIP = NO;
				DSTROOT = /tmp/yhgui.dst;
				GCC_C_LANGUAGE_STANDARD = gnu99;
				GCC_DYNAMIC_NO_PIC = NO;
				GCC_OPTIMIZATION_LEVEL = 0;
				GCC_PRECOMPILE_PREFIX_HEADER = YES;
				GCC_PREFIX_HEADER = Prefix.pch;
				GCC_PREPROCESSOR_DEFINITIONS = (
					"DEBUG=1",
					CC_TARGET_OS_IPHONE,
					"COCOS2D_DEBUG=1",
				);
				GCC_SYMBOLS_PRIVATE_EXTERN = NO;
				GCC_WARN_64_TO_32_BIT_CONVERSION = YES;
				GCC_WARN_ABOUT_RETURN_TYPE = YES_ERROR;
				GCC_WARN_UNDECLARED_SELECTOR = YES;
				GCC_WARN_UNINITIALIZED_AUTOS = YES;
				GCC_WARN_UNUSED_FUNCTION = YES;
				HEADER_SEARCH_PATHS = (
					"$(SRCROOT)/../../../extensions",
					"$(SRCROOT)/../../../cocos2dx/kazmath/include",
					"$(SRCROOT)/../../../cocos2dx",
					"$(SRCROOT)/../../../cocos2dx/include",
					"$(SRCROOT)/../../../cocos2dx/platform/third_party/ios",
					"$(SRCROOT)/../../../cocos2dx/platform/ios",
					"$(SRCROOT)/../../../cocos2dx/platform/ios/Simulation",
					"$(SRCROOT)/../../yhge",
					"$(SRCROOT)/../Libs/Jsoncpp/include",
					"$(SRCROOT)/../Libs",
					"$(SRCROOT)/../",
				);
				IPHONEOS_DEPLOYMENT_TARGET = 5.0;
				LIBRARY_SEARCH_PATHS = "$(SRCROOT)/../../../cocos2dx/platform/third_party/ios/libraries";
				ONLY_ACTIVE_ARCH = NO;
				OTHER_LDFLAGS = "-ObjC";
				PRODUCT_NAME = "$(TARGET_NAME)";
				SKIP_INSTALL = YES;
				VALID_ARCHS = "armv64 armv7 armv7s";
			};
			name = Debug;
		};
		57B26195186818A200EFF1FD /* Release */ = {
			isa = XCBuildConfiguration;
			buildSettings = {
				ALWAYS_SEARCH_USER_PATHS = NO;
				ARCHS = "$(ARCHS_STANDARD)";
				CLANG_CXX_LANGUAGE_STANDARD = "compiler-default";
				CLANG_CXX_LIBRARY = "compiler-default";
				CLANG_ENABLE_MODULES = YES;
				CLANG_ENABLE_OBJC_ARC = NO;
				CLANG_WARN_BOOL_CONVERSION = YES;
				CLANG_WARN_CONSTANT_CONVERSION = YES;
				CLANG_WARN_DIRECT_OBJC_ISA_USAGE = YES_ERROR;
				CLANG_WARN_EMPTY_BODY = YES;
				CLANG_WARN_ENUM_CONVERSION = YES;
				CLANG_WARN_INT_CONVERSION = YES;
				CLANG_WARN_OBJC_ROOT_CLASS = YES_ERROR;
				CLANG_WARN__DUPLICATE_METHOD_MATCH = YES;
				COPY_PHASE_STRIP = YES;
				DSTROOT = /tmp/yhgui.dst;
				ENABLE_NS_ASSERTIONS = NO;
				GCC_C_LANGUAGE_STANDARD = gnu99;
				GCC_PRECOMPILE_PREFIX_HEADER = YES;
				GCC_PREFIX_HEADER = Prefix.pch;
				GCC_PREPROCESSOR_DEFINITIONS = CC_TARGET_OS_IPHONE;
				GCC_WARN_64_TO_32_BIT_CONVERSION = YES;
				GCC_WARN_ABOUT_RETURN_TYPE = YES_ERROR;
				GCC_WARN_UNDECLARED_SELECTOR = YES;
				GCC_WARN_UNINITIALIZED_AUTOS = YES;
				GCC_WARN_UNUSED_FUNCTION = YES;
				HEADER_SEARCH_PATHS = (
					"$(SRCROOT)/../../../extensions",
					"$(SRCROOT)/../../../cocos2dx/kazmath/include",
					"$(SRCROOT)/../../../cocos2dx",
					"$(SRCROOT)/../../../cocos2dx/include",
					"$(SRCROOT)/../../../cocos2dx/platform/third_party/ios",
					"$(SRCROOT)/../../../cocos2dx/platform/ios",
					"$(SRCROOT)/../../../cocos2dx/platform/ios/Simulation",
					"$(SRCROOT)/../../yhge",
					"$(SRCROOT)/../Libs/Jsoncpp/include",
					"$(SRCROOT)/../Libs",
					"$(SRCROOT)/../",
				);
				IPHONEOS_DEPLOYMENT_TARGET = 5.0;
				LIBRARY_SEARCH_PATHS = "$(SRCROOT)/../../../cocos2dx/platform/third_party/ios/libraries";
				OTHER_LDFLAGS = "-ObjC";
				PRODUCT_NAME = "$(TARGET_NAME)";
				SKIP_INSTALL = YES;
				VALIDATE_PRODUCT = YES;
				VALID_ARCHS = "armv64 armv7 armv7s";
			};
			name = Release;
		};
		C01FCF4F08A954540054247B /* Debug */ = {
			isa = XCBuildConfiguration;
			buildSettings = {
				ARCHS = "$(ARCHS_STANDARD_32_BIT)";
				GCC_C_LANGUAGE_STANDARD = c99;
				GCC_VERSION = "";
				GCC_WARN_ABOUT_RETURN_TYPE = YES;
				GCC_WARN_UNUSED_VARIABLE = YES;
				SDKROOT = iphoneos;
				VALID_ARCHS = "armv6 armv7 i386";
			};
			name = Debug;
		};
		C01FCF5008A954540054247B /* Release */ = {
			isa = XCBuildConfiguration;
			buildSettings = {
				ARCHS = "$(ARCHS_STANDARD_32_BIT)";
				GCC_C_LANGUAGE_STANDARD = c99;
				GCC_VERSION = "";
				GCC_WARN_ABOUT_RETURN_TYPE = YES;
				GCC_WARN_UNUSED_VARIABLE = YES;
				OTHER_CFLAGS = "-DNS_BLOCK_ASSERTIONS=1";
				SDKROOT = iphoneos;
				VALID_ARCHS = "armv6 armv7 i386";
			};
			name = Release;
		};
/* End XCBuildConfiguration section */

/* Begin XCConfigurationList section */
		57B26193186818A200EFF1FD /* Build configuration list for PBXNativeTarget "yhgui" */ = {
			isa = XCConfigurationList;
			buildConfigurations = (
				57B26194186818A200EFF1FD /* Debug */,
				57B26195186818A200EFF1FD /* Release */,
			);
			defaultConfigurationIsVisible = 0;
			defaultConfigurationName = Debug;
		};
		C01FCF4E08A954540054247B /* Build configuration list for PBXProject "yhgui" */ = {
			isa = XCConfigurationList;
			buildConfigurations = (
				C01FCF4F08A954540054247B /* Debug */,
				C01FCF5008A954540054247B /* Release */,
			);
			defaultConfigurationIsVisible = 0;
			defaultConfigurationName = Debug;
		};
/* End XCConfigurationList section */
	};
	rootObject = 29B97313FDCFA39411CA2CEA /* Project object */;
}
