// !$*UTF8*$!
{
	archiveVersion = 1;
	classes = {
	};
	objectVersion = 46;
	objects = {

/* Begin PBXBuildFile section */
		577A7988186C032C00F1B5D5 /* BuilderHandle.cpp in Sources */ = {isa = PBXBuildFile; fileRef = 577A7943186C032C00F1B5D5 /* BuilderHandle.cpp */; };
		577A7989186C032C00F1B5D5 /* UIBuilder.cpp in Sources */ = {isa = PBXBuildFile; fileRef = 577A7945186C032C00F1B5D5 /* UIBuilder.cpp */; };
		577A798A186C032C00F1B5D5 /* UIBuilderSimple.cpp in Sources */ = {isa = PBXBuildFile; fileRef = 577A7947186C032C00F1B5D5 /* UIBuilderSimple.cpp */; };
		577A798B186C032C00F1B5D5 /* Component.cpp in Sources */ = {isa = PBXBuildFile; fileRef = 577A7949186C032C00F1B5D5 /* Component.cpp */; };
		577A798C186C032C00F1B5D5 /* Container.cpp in Sources */ = {isa = PBXBuildFile; fileRef = 577A794B186C032C00F1B5D5 /* Container.cpp */; };
		577A798D186C032C00F1B5D5 /* Button.cpp in Sources */ = {isa = PBXBuildFile; fileRef = 577A794E186C032C00F1B5D5 /* Button.cpp */; };
		577A798E186C032C00F1B5D5 /* ComplexButton.cpp in Sources */ = {isa = PBXBuildFile; fileRef = 577A7950186C032C00F1B5D5 /* ComplexButton.cpp */; };
		577A798F186C032C00F1B5D5 /* Control.cpp in Sources */ = {isa = PBXBuildFile; fileRef = 577A7952186C032C00F1B5D5 /* Control.cpp */; };
		577A7990186C032C00F1B5D5 /* NormalButton.cpp in Sources */ = {isa = PBXBuildFile; fileRef = 577A7954186C032C00F1B5D5 /* NormalButton.cpp */; };
		577A7991186C032C00F1B5D5 /* UIEventListenerManager.cpp in Sources */ = {isa = PBXBuildFile; fileRef = 577A7957186C032C00F1B5D5 /* UIEventListenerManager.cpp */; };
		577A7992186C032C00F1B5D5 /* DocumentTreeOrganizer.cpp in Sources */ = {isa = PBXBuildFile; fileRef = 577A795B186C032C00F1B5D5 /* DocumentTreeOrganizer.cpp */; };
		577A7993186C032C00F1B5D5 /* IndependentDocumentTreeOrganizer.cpp in Sources */ = {isa = PBXBuildFile; fileRef = 577A795D186C032C00F1B5D5 /* IndependentDocumentTreeOrganizer.cpp */; };
		577A7994186C032C00F1B5D5 /* IndependentListOrganizer.cpp in Sources */ = {isa = PBXBuildFile; fileRef = 577A795F186C032C00F1B5D5 /* IndependentListOrganizer.cpp */; };
		577A7995186C032C00F1B5D5 /* IndependentOrderedListOrganizer.cpp in Sources */ = {isa = PBXBuildFile; fileRef = 577A7961186C032C00F1B5D5 /* IndependentOrderedListOrganizer.cpp */; };
		577A7996186C032C00F1B5D5 /* IndependentPriorityOrganizer.cpp in Sources */ = {isa = PBXBuildFile; fileRef = 577A7963186C032C00F1B5D5 /* IndependentPriorityOrganizer.cpp */; };
		577A7997186C032C00F1B5D5 /* InteractiveDispatcher.cpp in Sources */ = {isa = PBXBuildFile; fileRef = 577A7966186C032C00F1B5D5 /* InteractiveDispatcher.cpp */; };
		577A7998186C032C00F1B5D5 /* ListOrganizer.cpp in Sources */ = {isa = PBXBuildFile; fileRef = 577A7968186C032C00F1B5D5 /* ListOrganizer.cpp */; };
		577A7999186C032C00F1B5D5 /* OrderedListOrganizer.cpp in Sources */ = {isa = PBXBuildFile; fileRef = 577A796A186C032C00F1B5D5 /* OrderedListOrganizer.cpp */; };
		577A799A186C032C00F1B5D5 /* Organizer.cpp in Sources */ = {isa = PBXBuildFile; fileRef = 577A796C186C032C00F1B5D5 /* Organizer.cpp */; };
		577A799B186C032C00F1B5D5 /* OrganizerItem.cpp in Sources */ = {isa = PBXBuildFile; fileRef = 577A796E186C032C00F1B5D5 /* OrganizerItem.cpp */; };
		577A799C186C032C00F1B5D5 /* PriorityOrganizer.cpp in Sources */ = {isa = PBXBuildFile; fileRef = 577A7970186C032C00F1B5D5 /* PriorityOrganizer.cpp */; };
		577A799D186C032C00F1B5D5 /* Range.cpp in Sources */ = {isa = PBXBuildFile; fileRef = 577A7972186C032C00F1B5D5 /* Range.cpp */; };
		577A799E186C032C00F1B5D5 /* List.cpp in Sources */ = {isa = PBXBuildFile; fileRef = 577A7974186C032C00F1B5D5 /* List.cpp */; };
		577A799F186C032C00F1B5D5 /* ListView.cpp in Sources */ = {isa = PBXBuildFile; fileRef = 577A7977186C032C00F1B5D5 /* ListView.cpp */; };
		577A79A0186C032C00F1B5D5 /* ScrollView.cpp in Sources */ = {isa = PBXBuildFile; fileRef = 577A7979186C032C00F1B5D5 /* ScrollView.cpp */; };
		577A79A1186C032C00F1B5D5 /* View.cpp in Sources */ = {isa = PBXBuildFile; fileRef = 577A797B186C032C00F1B5D5 /* View.cpp */; };
		577A79A2186C032C00F1B5D5 /* Panel.cpp in Sources */ = {isa = PBXBuildFile; fileRef = 577A797D186C032C00F1B5D5 /* Panel.cpp */; };
		577A79A3186C032C00F1B5D5 /* ScrollPanel.cpp in Sources */ = {isa = PBXBuildFile; fileRef = 577A797F186C032C00F1B5D5 /* ScrollPanel.cpp */; };
		577A79A4186C032C00F1B5D5 /* Utils.cpp in Sources */ = {isa = PBXBuildFile; fileRef = 577A7982186C032C00F1B5D5 /* Utils.cpp */; };
		57B26177186818A200EFF1FD /* Foundation.framework in Frameworks */ = {isa = PBXBuildFile; fileRef = 1D30AB110D05D00D00671497 /* Foundation.framework */; };
/* End PBXBuildFile section */

/* Begin PBXCopyFilesBuildPhase section */
		57B26174186818A200EFF1FD /* CopyFiles */ = {
			isa = PBXCopyFilesBuildPhase;
			buildActionMask = 2147483647;
			dstPath = "include/$(PRODUCT_NAME)";
			dstSubfolderSpec = 16;
			files = (
			);
			runOnlyForDeploymentPostprocessing = 0;
		};
/* End PBXCopyFilesBuildPhase section */

/* Begin PBXFileReference section */
		1AC3624616D4A1E8000847F2 /* Prefix.pch */ = {isa = PBXFileReference; fileEncoding = 4; lastKnownFileType = sourcecode.c.h; path = Prefix.pch; sourceTree = SOURCE_ROOT; };
		1D30AB110D05D00D00671497 /* Foundation.framework */ = {isa = PBXFileReference; lastKnownFileType = wrapper.framework; name = Foundation.framework; path = System/Library/Frameworks/Foundation.framework; sourceTree = SDKROOT; };
		1DF5F4DF0D08C38300B7A737 /* UIKit.framework */ = {isa = PBXFileReference; lastKnownFileType = wrapper.framework; name = UIKit.framework; path = System/Library/Frameworks/UIKit.framework; sourceTree = SDKROOT; };
		288765A40DF7441C002DB57D /* CoreGraphics.framework */ = {isa = PBXFileReference; lastKnownFileType = wrapper.framework; name = CoreGraphics.framework; path = System/Library/Frameworks/CoreGraphics.framework; sourceTree = SDKROOT; };
		577A7943186C032C00F1B5D5 /* BuilderHandle.cpp */ = {isa = PBXFileReference; fileEncoding = 4; lastKnownFileType = sourcecode.cpp.cpp; path = BuilderHandle.cpp; sourceTree = "<group>"; };
		577A7944186C032C00F1B5D5 /* BuilderHandle.h */ = {isa = PBXFileReference; fileEncoding = 4; lastKnownFileType = sourcecode.c.h; path = BuilderHandle.h; sourceTree = "<group>"; };
		577A7945186C032C00F1B5D5 /* UIBuilder.cpp */ = {isa = PBXFileReference; fileEncoding = 4; lastKnownFileType = sourcecode.cpp.cpp; path = UIBuilder.cpp; sourceTree = "<group>"; };
		577A7946186C032C00F1B5D5 /* UIBuilder.h */ = {isa = PBXFileReference; fileEncoding = 4; lastKnownFileType = sourcecode.c.h; path = UIBuilder.h; sourceTree = "<group>"; };
		577A7947186C032C00F1B5D5 /* UIBuilderSimple.cpp */ = {isa = PBXFileReference; fileEncoding = 4; lastKnownFileType = sourcecode.cpp.cpp; path = UIBuilderSimple.cpp; sourceTree = "<group>"; };
		577A7948186C032C00F1B5D5 /* UIBuilderSimple.h */ = {isa = PBXFileReference; fileEncoding = 4; lastKnownFileType = sourcecode.c.h; path = UIBuilderSimple.h; sourceTree = "<group>"; };
		577A7949186C032C00F1B5D5 /* Component.cpp */ = {isa = PBXFileReference; fileEncoding = 4; lastKnownFileType = sourcecode.cpp.cpp; path = Component.cpp; sourceTree = "<group>"; };
		577A794A186C032C00F1B5D5 /* Component.h */ = {isa = PBXFileReference; fileEncoding = 4; lastKnownFileType = sourcecode.c.h; path = Component.h; sourceTree = "<group>"; };
		577A794B186C032C00F1B5D5 /* Container.cpp */ = {isa = PBXFileReference; fileEncoding = 4; lastKnownFileType = sourcecode.cpp.cpp; path = Container.cpp; sourceTree = "<group>"; };
		577A794C186C032C00F1B5D5 /* Container.h */ = {isa = PBXFileReference; fileEncoding = 4; lastKnownFileType = sourcecode.c.h; path = Container.h; sourceTree = "<group>"; };
		577A794E186C032C00F1B5D5 /* Button.cpp */ = {isa = PBXFileReference; fileEncoding = 4; lastKnownFileType = sourcecode.cpp.cpp; path = Button.cpp; sourceTree = "<group>"; };
		577A794F186C032C00F1B5D5 /* Button.h */ = {isa = PBXFileReference; fileEncoding = 4; lastKnownFileType = sourcecode.c.h; path = Button.h; sourceTree = "<group>"; };
		577A7950186C032C00F1B5D5 /* ComplexButton.cpp */ = {isa = PBXFileReference; fileEncoding = 4; lastKnownFileType = sourcecode.cpp.cpp; path = ComplexButton.cpp; sourceTree = "<group>"; };
		577A7951186C032C00F1B5D5 /* ComplexButton.h */ = {isa = PBXFileReference; fileEncoding = 4; lastKnownFileType = sourcecode.c.h; path = ComplexButton.h; sourceTree = "<group>"; };
		577A7952186C032C00F1B5D5 /* Control.cpp */ = {isa = PBXFileReference; fileEncoding = 4; lastKnownFileType = sourcecode.cpp.cpp; path = Control.cpp; sourceTree = "<group>"; };
		577A7953186C032C00F1B5D5 /* Control.h */ = {isa = PBXFileReference; fileEncoding = 4; lastKnownFileType = sourcecode.c.h; path = Control.h; sourceTree = "<group>"; };
		577A7954186C032C00F1B5D5 /* NormalButton.cpp */ = {isa = PBXFileReference; fileEncoding = 4; lastKnownFileType = sourcecode.cpp.cpp; path = NormalButton.cpp; sourceTree = "<group>"; };
		577A7955186C032C00F1B5D5 /* NormalButton.h */ = {isa = PBXFileReference; fileEncoding = 4; lastKnownFileType = sourcecode.c.h; path = NormalButton.h; sourceTree = "<group>"; };
		577A7957186C032C00F1B5D5 /* UIEventListenerManager.cpp */ = {isa = PBXFileReference; fileEncoding = 4; lastKnownFileType = sourcecode.cpp.cpp; path = UIEventListenerManager.cpp; sourceTree = "<group>"; };
		577A7958186C032C00F1B5D5 /* UIEventListenerManager.h */ = {isa = PBXFileReference; fileEncoding = 4; lastKnownFileType = sourcecode.c.h; path = UIEventListenerManager.h; sourceTree = "<group>"; };
		577A7959186C032C00F1B5D5 /* UIEventNames.h */ = {isa = PBXFileReference; fileEncoding = 4; lastKnownFileType = sourcecode.c.h; path = UIEventNames.h; sourceTree = "<group>"; };
		577A795B186C032C00F1B5D5 /* DocumentTreeOrganizer.cpp */ = {isa = PBXFileReference; fileEncoding = 4; lastKnownFileType = sourcecode.cpp.cpp; path = DocumentTreeOrganizer.cpp; sourceTree = "<group>"; };
		577A795C186C032C00F1B5D5 /* DocumentTreeOrganizer.h */ = {isa = PBXFileReference; fileEncoding = 4; lastKnownFileType = sourcecode.c.h; path = DocumentTreeOrganizer.h; sourceTree = "<group>"; };
		577A795D186C032C00F1B5D5 /* IndependentDocumentTreeOrganizer.cpp */ = {isa = PBXFileReference; fileEncoding = 4; lastKnownFileType = sourcecode.cpp.cpp; path = IndependentDocumentTreeOrganizer.cpp; sourceTree = "<group>"; };
		577A795E186C032C00F1B5D5 /* IndependentDocumentTreeOrganizer.h */ = {isa = PBXFileReference; fileEncoding = 4; lastKnownFileType = sourcecode.c.h; path = IndependentDocumentTreeOrganizer.h; sourceTree = "<group>"; };
		577A795F186C032C00F1B5D5 /* IndependentListOrganizer.cpp */ = {isa = PBXFileReference; fileEncoding = 4; lastKnownFileType = sourcecode.cpp.cpp; path = IndependentListOrganizer.cpp; sourceTree = "<group>"; };
		577A7960186C032C00F1B5D5 /* IndependentListOrganizer.h */ = {isa = PBXFileReference; fileEncoding = 4; lastKnownFileType = sourcecode.c.h; path = IndependentListOrganizer.h; sourceTree = "<group>"; };
		577A7961186C032C00F1B5D5 /* IndependentOrderedListOrganizer.cpp */ = {isa = PBXFileReference; fileEncoding = 4; lastKnownFileType = sourcecode.cpp.cpp; path = IndependentOrderedListOrganizer.cpp; sourceTree = "<group>"; };
		577A7962186C032C00F1B5D5 /* IndependentOrderedListOrganizer.h */ = {isa = PBXFileReference; fileEncoding = 4; lastKnownFileType = sourcecode.c.h; path = IndependentOrderedListOrganizer.h; sourceTree = "<group>"; };
		577A7963186C032C00F1B5D5 /* IndependentPriorityOrganizer.cpp */ = {isa = PBXFileReference; fileEncoding = 4; lastKnownFileType = sourcecode.cpp.cpp; path = IndependentPriorityOrganizer.cpp; sourceTree = "<group>"; };
		577A7964186C032C00F1B5D5 /* IndependentPriorityOrganizer.h */ = {isa = PBXFileReference; fileEncoding = 4; lastKnownFileType = sourcecode.c.h; path = IndependentPriorityOrganizer.h; sourceTree = "<group>"; };
		577A7965186C032C00F1B5D5 /* IndependentTouchDefine.h */ = {isa = PBXFileReference; fileEncoding = 4; lastKnownFileType = sourcecode.c.h; path = IndependentTouchDefine.h; sourceTree = "<group>"; };
		577A7966186C032C00F1B5D5 /* InteractiveDispatcher.cpp */ = {isa = PBXFileReference; fileEncoding = 4; lastKnownFileType = sourcecode.cpp.cpp; path = InteractiveDispatcher.cpp; sourceTree = "<group>"; };
		577A7967186C032C00F1B5D5 /* InteractiveDispatcher.h */ = {isa = PBXFileReference; fileEncoding = 4; lastKnownFileType = sourcecode.c.h; path = InteractiveDispatcher.h; sourceTree = "<group>"; };
		577A7968186C032C00F1B5D5 /* ListOrganizer.cpp */ = {isa = PBXFileReference; fileEncoding = 4; lastKnownFileType = sourcecode.cpp.cpp; path = ListOrganizer.cpp; sourceTree = "<group>"; };
		577A7969186C032C00F1B5D5 /* ListOrganizer.h */ = {isa = PBXFileReference; fileEncoding = 4; lastKnownFileType = sourcecode.c.h; path = ListOrganizer.h; sourceTree = "<group>"; };
		577A796A186C032C00F1B5D5 /* OrderedListOrganizer.cpp */ = {isa = PBXFileReference; fileEncoding = 4; lastKnownFileType = sourcecode.cpp.cpp; path = OrderedListOrganizer.cpp; sourceTree = "<group>"; };
		577A796B186C032C00F1B5D5 /* OrderedListOrganizer.h */ = {isa = PBXFileReference; fileEncoding = 4; lastKnownFileType = sourcecode.c.h; path = OrderedListOrganizer.h; sourceTree = "<group>"; };
		577A796C186C032C00F1B5D5 /* Organizer.cpp */ = {isa = PBXFileReference; fileEncoding = 4; lastKnownFileType = sourcecode.cpp.cpp; path = Organizer.cpp; sourceTree = "<group>"; };
		577A796D186C032C00F1B5D5 /* Organizer.h */ = {isa = PBXFileReference; fileEncoding = 4; lastKnownFileType = sourcecode.c.h; path = Organizer.h; sourceTree = "<group>"; };
		577A796E186C032C00F1B5D5 /* OrganizerItem.cpp */ = {isa = PBXFileReference; fileEncoding = 4; lastKnownFileType = sourcecode.cpp.cpp; path = OrganizerItem.cpp; sourceTree = "<group>"; };
		577A796F186C032C00F1B5D5 /* OrganizerItem.h */ = {isa = PBXFileReference; fileEncoding = 4; lastKnownFileType = sourcecode.c.h; path = OrganizerItem.h; sourceTree = "<group>"; };
		577A7970186C032C00F1B5D5 /* PriorityOrganizer.cpp */ = {isa = PBXFileReference; fileEncoding = 4; lastKnownFileType = sourcecode.cpp.cpp; path = PriorityOrganizer.cpp; sourceTree = "<group>"; };
		577A7971186C032C00F1B5D5 /* PriorityOrganizer.h */ = {isa = PBXFileReference; fileEncoding = 4; lastKnownFileType = sourcecode.c.h; path = PriorityOrganizer.h; sourceTree = "<group>"; };
		577A7972186C032C00F1B5D5 /* Range.cpp */ = {isa = PBXFileReference; fileEncoding = 4; lastKnownFileType = sourcecode.cpp.cpp; path = Range.cpp; sourceTree = "<group>"; };
		577A7973186C032C00F1B5D5 /* Range.h */ = {isa = PBXFileReference; fileEncoding = 4; lastKnownFileType = sourcecode.c.h; path = Range.h; sourceTree = "<group>"; };
		577A7974186C032C00F1B5D5 /* List.cpp */ = {isa = PBXFileReference; fileEncoding = 4; lastKnownFileType = sourcecode.cpp.cpp; path = List.cpp; sourceTree = "<group>"; };
		577A7975186C032C00F1B5D5 /* List.h */ = {isa = PBXFileReference; fileEncoding = 4; lastKnownFileType = sourcecode.c.h; path = List.h; sourceTree = "<group>"; };
		577A7977186C032C00F1B5D5 /* ListView.cpp */ = {isa = PBXFileReference; fileEncoding = 4; lastKnownFileType = sourcecode.cpp.cpp; path = ListView.cpp; sourceTree = "<group>"; };
		577A7978186C032C00F1B5D5 /* ListView.h */ = {isa = PBXFileReference; fileEncoding = 4; lastKnownFileType = sourcecode.c.h; path = ListView.h; sourceTree = "<group>"; };
		577A7979186C032C00F1B5D5 /* ScrollView.cpp */ = {isa = PBXFileReference; fileEncoding = 4; lastKnownFileType = sourcecode.cpp.cpp; path = ScrollView.cpp; sourceTree = "<group>"; };
		577A797A186C032C00F1B5D5 /* ScrollView.h */ = {isa = PBXFileReference; fileEncoding = 4; lastKnownFileType = sourcecode.c.h; path = ScrollView.h; sourceTree = "<group>"; };
		577A797B186C032C00F1B5D5 /* View.cpp */ = {isa = PBXFileReference; fileEncoding = 4; lastKnownFileType = sourcecode.cpp.cpp; path = View.cpp; sourceTree = "<group>"; };
		577A797C186C032C00F1B5D5 /* View.h */ = {isa = PBXFileReference; fileEncoding = 4; lastKnownFileType = sourcecode.c.h; path = View.h; sourceTree = "<group>"; };
		577A797D186C032C00F1B5D5 /* Panel.cpp */ = {isa = PBXFileReference; fileEncoding = 4; lastKnownFileType = sourcecode.cpp.cpp; path = Panel.cpp; sourceTree = "<group>"; };
		577A797E186C032C00F1B5D5 /* Panel.h */ = {isa = PBXFileReference; fileEncoding = 4; lastKnownFileType = sourcecode.c.h; path = Panel.h; sourceTree = "<group>"; };
		577A797F186C032C00F1B5D5 /* ScrollPanel.cpp */ = {isa = PBXFileReference; fileEncoding = 4; lastKnownFileType = sourcecode.cpp.cpp; path = ScrollPanel.cpp; sourceTree = "<group>"; };
		577A7980186C032C00F1B5D5 /* ScrollPanel.h */ = {isa = PBXFileReference; fileEncoding = 4; lastKnownFileType = sourcecode.c.h; path = ScrollPanel.h; sourceTree = "<group>"; };
		577A7982186C032C00F1B5D5 /* Utils.cpp */ = {isa = PBXFileReference; fileEncoding = 4; lastKnownFileType = sourcecode.cpp.cpp; path = Utils.cpp; sourceTree = "<group>"; };
		577A7983186C032C00F1B5D5 /* Utils.h */ = {isa = PBXFileReference; fileEncoding = 4; lastKnownFileType = sourcecode.c.h; path = Utils.h; sourceTree = "<group>"; };
		577A7985186C032C00F1B5D5 /* empty.txt */ = {isa = PBXFileReference; fileEncoding = 4; lastKnownFileType = text; path = empty.txt; sourceTree = "<group>"; };
		577A7986186C032C00F1B5D5 /* yhgui.h */ = {isa = PBXFileReference; fileEncoding = 4; lastKnownFileType = sourcecode.c.h; path = yhgui.h; sourceTree = "<group>"; };
		577A7987186C032C00F1B5D5 /* YHGUIMacros.h */ = {isa = PBXFileReference; fileEncoding = 4; lastKnownFileType = sourcecode.c.h; path = YHGUIMacros.h; sourceTree = "<group>"; };
		57B26176186818A200EFF1FD /* libyhgui.a */ = {isa = PBXFileReference; explicitFileType = archive.ar; includeInIndex = 0; path = libyhgui.a; sourceTree = BUILT_PRODUCTS_DIR; };
		57B26184186818A200EFF1FD /* XCTest.framework */ = {isa = PBXFileReference; lastKnownFileType = wrapper.framework; name = XCTest.framework; path = Library/Frameworks/XCTest.framework; sourceTree = DEVELOPER_DIR; };
		BF170DB012928DE900B8313A /* OpenGLES.framework */ = {isa = PBXFileReference; lastKnownFileType = wrapper.framework; name = OpenGLES.framework; path = System/Library/Frameworks/OpenGLES.framework; sourceTree = SDKROOT; };
		BF170DB412928DE900B8313A /* libz.dylib */ = {isa = PBXFileReference; lastKnownFileType = "compiled.mach-o.dylib"; name = libz.dylib; path = usr/lib/libz.dylib; sourceTree = SDKROOT; };
		BF1C47EA1293683800B63C5D /* QuartzCore.framework */ = {isa = PBXFileReference; lastKnownFileType = wrapper.framework; name = QuartzCore.framework; path = System/Library/Frameworks/QuartzCore.framework; sourceTree = SDKROOT; };
		D44C620B132DFF330009C878 /* OpenAL.framework */ = {isa = PBXFileReference; lastKnownFileType = wrapper.framework; name = OpenAL.framework; path = System/Library/Frameworks/OpenAL.framework; sourceTree = SDKROOT; };
		D44C620D132DFF430009C878 /* AVFoundation.framework */ = {isa = PBXFileReference; lastKnownFileType = wrapper.framework; name = AVFoundation.framework; path = System/Library/Frameworks/AVFoundation.framework; sourceTree = SDKROOT; };
		D44C620F132DFF4E0009C878 /* AudioToolbox.framework */ = {isa = PBXFileReference; lastKnownFileType = wrapper.framework; name = AudioToolbox.framework; path = System/Library/Frameworks/AudioToolbox.framework; sourceTree = SDKROOT; };
/* End PBXFileReference section */

/* Begin PBXFrameworksBuildPhase section */
		57B26173186818A200EFF1FD /* Frameworks */ = {
			isa = PBXFrameworksBuildPhase;
			buildActionMask = 2147483647;
			files = (
				57B26177186818A200EFF1FD /* Foundation.framework in Frameworks */,
			);
			runOnlyForDeploymentPostprocessing = 0;
		};
/* End PBXFrameworksBuildPhase section */

/* Begin PBXGroup section */
		19C28FACFE9D520D11CA2CBB /* Products */ = {
			isa = PBXGroup;
			children = (
				57B26176186818A200EFF1FD /* libyhgui.a */,
			);
			name = Products;
			sourceTree = "<group>";
		};
		29B97314FDCFA39411CA2CEA /* CustomTemplate */ = {
			isa = PBXGroup;
			children = (
				577A7941186C032C00F1B5D5 /* yhgui */,
				29B97323FDCFA39411CA2CEA /* Frameworks */,
				19C28FACFE9D520D11CA2CBB /* Products */,
				1AC3624616D4A1E8000847F2 /* Prefix.pch */,
			);
			name = CustomTemplate;
			sourceTree = "<group>";
		};
		29B97323FDCFA39411CA2CEA /* Frameworks */ = {
			isa = PBXGroup;
			children = (
				BF170DB412928DE900B8313A /* libz.dylib */,
				D44C620F132DFF4E0009C878 /* AudioToolbox.framework */,
				D44C620D132DFF430009C878 /* AVFoundation.framework */,
				288765A40DF7441C002DB57D /* CoreGraphics.framework */,
				1D30AB110D05D00D00671497 /* Foundation.framework */,
				D44C620B132DFF330009C878 /* OpenAL.framework */,
				BF170DB012928DE900B8313A /* OpenGLES.framework */,
				BF1C47EA1293683800B63C5D /* QuartzCore.framework */,
				1DF5F4DF0D08C38300B7A737 /* UIKit.framework */,
				57B26184186818A200EFF1FD /* XCTest.framework */,
			);
			name = Frameworks;
			sourceTree = "<group>";
		};
		577A7941186C032C00F1B5D5 /* yhgui */ = {
			isa = PBXGroup;
			children = (
				577A7942186C032C00F1B5D5 /* builder */,
				577A7949186C032C00F1B5D5 /* Component.cpp */,
				577A794A186C032C00F1B5D5 /* Component.h */,
				577A794B186C032C00F1B5D5 /* Container.cpp */,
				577A794C186C032C00F1B5D5 /* Container.h */,
				577A794D186C032C00F1B5D5 /* control */,
				577A7956186C032C00F1B5D5 /* event */,
				577A795A186C032C00F1B5D5 /* interactive */,
				577A7974186C032C00F1B5D5 /* List.cpp */,
				577A7975186C032C00F1B5D5 /* List.h */,
				577A7976186C032C00F1B5D5 /* mobie */,
				577A797D186C032C00F1B5D5 /* Panel.cpp */,
				577A797E186C032C00F1B5D5 /* Panel.h */,
				577A797F186C032C00F1B5D5 /* ScrollPanel.cpp */,
				577A7980186C032C00F1B5D5 /* ScrollPanel.h */,
				577A7981186C032C00F1B5D5 /* utils */,
				577A7984186C032C00F1B5D5 /* widgets */,
				577A7986186C032C00F1B5D5 /* yhgui.h */,
				577A7987186C032C00F1B5D5 /* YHGUIMacros.h */,
			);
			name = yhgui;
			path = ../yhgui;
			sourceTree = "<group>";
		};
		577A7942186C032C00F1B5D5 /* builder */ = {
			isa = PBXGroup;
			children = (
				577A7943186C032C00F1B5D5 /* BuilderHandle.cpp */,
				577A7944186C032C00F1B5D5 /* BuilderHandle.h */,
				577A7945186C032C00F1B5D5 /* UIBuilder.cpp */,
				577A7946186C032C00F1B5D5 /* UIBuilder.h */,
				577A7947186C032C00F1B5D5 /* UIBuilderSimple.cpp */,
				577A7948186C032C00F1B5D5 /* UIBuilderSimple.h */,
			);
			path = builder;
			sourceTree = "<group>";
		};
		577A794D186C032C00F1B5D5 /* control */ = {
			isa = PBXGroup;
			children = (
				577A794E186C032C00F1B5D5 /* Button.cpp */,
				577A794F186C032C00F1B5D5 /* Button.h */,
				577A7950186C032C00F1B5D5 /* ComplexButton.cpp */,
				577A7951186C032C00F1B5D5 /* ComplexButton.h */,
				577A7952186C032C00F1B5D5 /* Control.cpp */,
				577A7953186C032C00F1B5D5 /* Control.h */,
				577A7954186C032C00F1B5D5 /* NormalButton.cpp */,
				577A7955186C032C00F1B5D5 /* NormalButton.h */,
			);
			path = control;
			sourceTree = "<group>";
		};
		577A7956186C032C00F1B5D5 /* event */ = {
			isa = PBXGroup;
			children = (
				577A7957186C032C00F1B5D5 /* UIEventListenerManager.cpp */,
				577A7958186C032C00F1B5D5 /* UIEventListenerManager.h */,
				577A7959186C032C00F1B5D5 /* UIEventNames.h */,
			);
			path = event;
			sourceTree = "<group>";
		};
		577A795A186C032C00F1B5D5 /* interactive */ = {
			isa = PBXGroup;
			children = (
				577A795B186C032C00F1B5D5 /* DocumentTreeOrganizer.cpp */,
				577A795C186C032C00F1B5D5 /* DocumentTreeOrganizer.h */,
				577A795D186C032C00F1B5D5 /* IndependentDocumentTreeOrganizer.cpp */,
				577A795E186C032C00F1B5D5 /* IndependentDocumentTreeOrganizer.h */,
				577A795F186C032C00F1B5D5 /* IndependentListOrganizer.cpp */,
				577A7960186C032C00F1B5D5 /* IndependentListOrganizer.h */,
				577A7961186C032C00F1B5D5 /* IndependentOrderedListOrganizer.cpp */,
				577A7962186C032C00F1B5D5 /* IndependentOrderedListOrganizer.h */,
				577A7963186C032C00F1B5D5 /* IndependentPriorityOrganizer.cpp */,
				577A7964186C032C00F1B5D5 /* IndependentPriorityOrganizer.h */,
				577A7965186C032C00F1B5D5 /* IndependentTouchDefine.h */,
				577A7966186C032C00F1B5D5 /* InteractiveDispatcher.cpp */,
				577A7967186C032C00F1B5D5 /* InteractiveDispatcher.h */,
				577A7968186C032C00F1B5D5 /* ListOrganizer.cpp */,
				577A7969186C032C00F1B5D5 /* ListOrganizer.h */,
				577A796A186C032C00F1B5D5 /* OrderedListOrganizer.cpp */,
				577A796B186C032C00F1B5D5 /* OrderedListOrganizer.h */,
				577A796C186C032C00F1B5D5 /* Organizer.cpp */,
				577A796D186C032C00F1B5D5 /* Organizer.h */,
				577A796E186C032C00F1B5D5 /* OrganizerItem.cpp */,
				577A796F186C032C00F1B5D5 /* OrganizerItem.h */,
				577A7970186C032C00F1B5D5 /* PriorityOrganizer.cpp */,
				577A7971186C032C00F1B5D5 /* PriorityOrganizer.h */,
				577A7972186C032C00F1B5D5 /* Range.cpp */,
				577A7973186C032C00F1B5D5 /* Range.h */,
			);
			path = interactive;
			sourceTree = "<group>";
		};
		577A7976186C032C00F1B5D5 /* mobie */ = {
			isa = PBXGroup;
			children = (
				577A7977186C032C00F1B5D5 /* ListView.cpp */,
				577A7978186C032C00F1B5D5 /* ListView.h */,
				577A7979186C032C00F1B5D5 /* ScrollView.cpp */,
				577A797A186C032C00F1B5D5 /* ScrollView.h */,
				577A797B186C032C00F1B5D5 /* View.cpp */,
				577A797C186C032C00F1B5D5 /* View.h */,
			);
			path = mobie;
			sourceTree = "<group>";
		};
		577A7981186C032C00F1B5D5 /* utils */ = {
			isa = PBXGroup;
			children = (
				577A7982186C032C00F1B5D5 /* Utils.cpp */,
				577A7983186C032C00F1B5D5 /* Utils.h */,
			);
			path = utils;
			sourceTree = "<group>";
		};
		577A7984186C032C00F1B5D5 /* widgets */ = {
			isa = PBXGroup;
			children = (
				577A7985186C032C00F1B5D5 /* empty.txt */,
			);
			path = widgets;
			sourceTree = "<group>";
		};
/* End PBXGroup section */

/* Begin PBXNativeTarget section */
		57B26175186818A200EFF1FD /* yhgui */ = {
			isa = PBXNativeTarget;
			buildConfigurationList = 57B26193186818A200EFF1FD /* Build configuration list for PBXNativeTarget "yhgui" */;
			buildPhases = (
				57B26172186818A200EFF1FD /* Sources */,
				57B26173186818A200EFF1FD /* Frameworks */,
				57B26174186818A200EFF1FD /* CopyFiles */,
			);
			buildRules = (
			);
			dependencies = (
			);
			name = yhgui;
			productName = yhgui;
			productReference = 57B26176186818A200EFF1FD /* libyhgui.a */;
			productType = "com.apple.product-type.library.static";
		};
/* End PBXNativeTarget section */

/* Begin PBXProject section */
		29B97313FDCFA39411CA2CEA /* Project object */ = {
			isa = PBXProject;
			attributes = {
				LastUpgradeCheck = 0430;
			};
			buildConfigurationList = C01FCF4E08A954540054247B /* Build configuration list for PBXProject "yhgui" */;
			compatibilityVersion = "Xcode 3.2";
			developmentRegion = English;
			hasScannedForEncodings = 1;
			knownRegions = (
				English,
				Japanese,
				French,
				German,
				en,
			);
			mainGroup = 29B97314FDCFA39411CA2CEA /* CustomTemplate */;
			projectDirPath = "";
			projectRoot = "";
			targets = (
				57B26175186818A200EFF1FD /* yhgui */,
			);
		};
/* End PBXProject section */

/* Begin PBXSourcesBuildPhase section */
		57B26172186818A200EFF1FD /* Sources */ = {
			isa = PBXSourcesBuildPhase;
			buildActionMask = 2147483647;
			files = (
				577A7995186C032C00F1B5D5 /* IndependentOrderedListOrganizer.cpp in Sources */,
				577A7992186C032C00F1B5D5 /* DocumentTreeOrganizer.cpp in Sources */,
				577A7996186C032C00F1B5D5 /* IndependentPriorityOrganizer.cpp in Sources */,
				577A7990186C032C00F1B5D5 /* NormalButton.cpp in Sources */,
				577A799F186C032C00F1B5D5 /* ListView.cpp in Sources */,
				577A798E186C032C00F1B5D5 /* ComplexButton.cpp in Sources */,
				577A7999186C032C00F1B5D5 /* OrderedListOrganizer.cpp in Sources */,
				577A79A3186C032C00F1B5D5 /* ScrollPanel.cpp in Sources */,
				577A798C186C032C00F1B5D5 /* Container.cpp in Sources */,
				577A79A1186C032C00F1B5D5 /* View.cpp in Sources */,
				577A7988186C032C00F1B5D5 /* BuilderHandle.cpp in Sources */,
				577A798B186C032C00F1B5D5 /* Component.cpp in Sources */,
				577A7989186C032C00F1B5D5 /* UIBuilder.cpp in Sources */,
				577A79A2186C032C00F1B5D5 /* Panel.cpp in Sources */,
				577A799B186C032C00F1B5D5 /* OrganizerItem.cpp in Sources */,
				577A7993186C032C00F1B5D5 /* IndependentDocumentTreeOrganizer.cpp in Sources */,
				577A79A4186C032C00F1B5D5 /* Utils.cpp in Sources */,
				577A7998186C032C00F1B5D5 /* ListOrganizer.cpp in Sources */,
				577A7994186C032C00F1B5D5 /* IndependentListOrganizer.cpp in Sources */,
				577A7991186C032C00F1B5D5 /* UIEventListenerManager.cpp in Sources */,
				577A799A186C032C00F1B5D5 /* Organizer.cpp in Sources */,
				577A79A0186C032C00F1B5D5 /* ScrollView.cpp in Sources */,
				577A799C186C032C00F1B5D5 /* PriorityOrganizer.cpp in Sources */,
				577A798F186C032C00F1B5D5 /* Control.cpp in Sources */,
				577A798A186C032C00F1B5D5 /* UIBuilderSimple.cpp in Sources */,
				577A799D186C032C00F1B5D5 /* Range.cpp in Sources */,
				577A798D186C032C00F1B5D5 /* Button.cpp in Sources */,
				577A7997186C032C00F1B5D5 /* InteractiveDispatcher.cpp in Sources */,
				577A799E186C032C00F1B5D5 /* List.cpp in Sources */,
			);
			runOnlyForDeploymentPostprocessing = 0;
		};
/* End PBXSourcesBuildPhase section */

/* Begin XCBuildConfiguration section */
		57B26194186818A200EFF1FD /* Debug */ = {
			isa = XCBuildConfiguration;
			buildSettings = {
				ALWAYS_SEARCH_USER_PATHS = NO;
				ARCHS = "$(ARCHS_STANDARD_32_BIT)";
				CLANG_CXX_LANGUAGE_STANDARD = "compiler-default";
				CLANG_CXX_LIBRARY = "compiler-default";
				CLANG_ENABLE_MODULES = YES;
				CLANG_ENABLE_OBJC_ARC = NO;
				CLANG_WARN_BOOL_CONVERSION = YES;
				CLANG_WARN_CONSTANT_CONVERSION = YES;
				CLANG_WARN_DIRECT_OBJC_ISA_USAGE = YES_ERROR;
				CLANG_WARN_EMPTY_BODY = YES;
				CLANG_WARN_ENUM_CONVERSION = YES;
				CLANG_WARN_INT_CONVERSION = YES;
				CLANG_WARN_OBJC_ROOT_CLASS = YES_ERROR;
				CLANG_WARN__DUPLICATE_METHOD_MATCH = YES;
				COPY_PHASE_STRIP = NO;
				DSTROOT = /tmp/yhgui.dst;
				GCC_C_LANGUAGE_STANDARD = gnu99;
				GCC_DYNAMIC_NO_PIC = NO;
				GCC_OPTIMIZATION_LEVEL = 0;
				GCC_PRECOMPILE_PREFIX_HEADER = YES;
				GCC_PREFIX_HEADER = Prefix.pch;
				GCC_PREPROCESSOR_DEFINITIONS = (
					"DEBUG=1",
					CC_TARGET_OS_IPHONE,
				);
				GCC_SYMBOLS_PRIVATE_EXTERN = NO;
				GCC_WARN_64_TO_32_BIT_CONVERSION = YES;
				GCC_WARN_ABOUT_RETURN_TYPE = YES_ERROR;
				GCC_WARN_UNDECLARED_SELECTOR = YES;
				GCC_WARN_UNINITIALIZED_AUTOS = YES;
				GCC_WARN_UNUSED_FUNCTION = YES;
				HEADER_SEARCH_PATHS = (
					"$(SRCROOT)/../../../extensions",
					"$(SRCROOT)/../../../cocos2dx/kazmath/include",
					"$(SRCROOT)/../../../cocos2dx",
					"$(SRCROOT)/../../../cocos2dx/include",
					"$(SRCROOT)/../../../cocos2dx/platform/third_party/ios",
					"$(SRCROOT)/../../../cocos2dx/platform/ios",
					"$(SRCROOT)/../../../cocos2dx/platform/ios/Simulation",
					"$(SRCROOT)/../../yhge",
					"$(SRCROOT)/../Libs/Jsoncpp/include",
					"$(SRCROOT)/../Libs",
					"$(SRCROOT)/../",
				);
				IPHONEOS_DEPLOYMENT_TARGET = 5.0;
				LIBRARY_SEARCH_PATHS = "$(SRCROOT)/../../../cocos2dx/platform/third_party/ios/libraries";
				ONLY_ACTIVE_ARCH = YES;
				OTHER_LDFLAGS = "-ObjC";
				PRODUCT_NAME = "$(TARGET_NAME)";
				SKIP_INSTALL = YES;
				VALID_ARCHS = "armv64 armv7 armv7s";
			};
			name = Debug;
		};
		57B26195186818A200EFF1FD /* Release */ = {
			isa = XCBuildConfiguration;
			buildSettings = {
				ALWAYS_SEARCH_USER_PATHS = NO;
				ARCHS = "$(ARCHS_STANDARD_32_BIT)";
				CLANG_CXX_LANGUAGE_STANDARD = "compiler-default";
				CLANG_CXX_LIBRARY = "compiler-default";
				CLANG_ENABLE_MODULES = YES;
				CLANG_ENABLE_OBJC_ARC = NO;
				CLANG_WARN_BOOL_CONVERSION = YES;
				CLANG_WARN_CONSTANT_CONVERSION = YES;
				CLANG_WARN_DIRECT_OBJC_ISA_USAGE = YES_ERROR;
				CLANG_WARN_EMPTY_BODY = YES;
				CLANG_WARN_ENUM_CONVERSION = YES;
				CLANG_WARN_INT_CONVERSION = YES;
				CLANG_WARN_OBJC_ROOT_CLASS = YES_ERROR;
				CLANG_WARN__DUPLICATE_METHOD_MATCH = YES;
				COPY_PHASE_STRIP = YES;
				DSTROOT = /tmp/yhgui.dst;
				ENABLE_NS_ASSERTIONS = NO;
				GCC_C_LANGUAGE_STANDARD = gnu99;
				GCC_PRECOMPILE_PREFIX_HEADER = YES;
				GCC_PREFIX_HEADER = Prefix.pch;
				GCC_PREPROCESSOR_DEFINITIONS = CC_TARGET_OS_IPHONE;
				GCC_WARN_64_TO_32_BIT_CONVERSION = YES;
				GCC_WARN_ABOUT_RETURN_TYPE = YES_ERROR;
				GCC_WARN_UNDECLARED_SELECTOR = YES;
				GCC_WARN_UNINITIALIZED_AUTOS = YES;
				GCC_WARN_UNUSED_FUNCTION = YES;
				HEADER_SEARCH_PATHS = (
					"$(SRCROOT)/../../../extensions",
					"$(SRCROOT)/../../../cocos2dx/kazmath/include",
					"$(SRCROOT)/../../../cocos2dx",
					"$(SRCROOT)/../../../cocos2dx/include",
					"$(SRCROOT)/../../../cocos2dx/platform/third_party/ios",
					"$(SRCROOT)/../../../cocos2dx/platform/ios",
					"$(SRCROOT)/../../../cocos2dx/platform/ios/Simulation",
					"$(SRCROOT)/../../yhge",
					"$(SRCROOT)/../Libs/Jsoncpp/include",
					"$(SRCROOT)/../Libs",
					"$(SRCROOT)/../",
				);
				IPHONEOS_DEPLOYMENT_TARGET = 5.0;
				LIBRARY_SEARCH_PATHS = "$(SRCROOT)/../../../cocos2dx/platform/third_party/ios/libraries";
				OTHER_LDFLAGS = "-ObjC";
				PRODUCT_NAME = "$(TARGET_NAME)";
				SKIP_INSTALL = YES;
				VALIDATE_PRODUCT = YES;
				VALID_ARCHS = "armv64 armv7 armv7s";
			};
			name = Release;
		};
		C01FCF4F08A954540054247B /* Debug */ = {
			isa = XCBuildConfiguration;
			buildSettings = {
				ARCHS = "$(ARCHS_STANDARD_32_BIT)";
				GCC_C_LANGUAGE_STANDARD = c99;
				GCC_VERSION = "";
				GCC_WARN_ABOUT_RETURN_TYPE = YES;
				GCC_WARN_UNUSED_VARIABLE = YES;
				SDKROOT = iphoneos;
				VALID_ARCHS = "armv6 armv7 i386";
			};
			name = Debug;
		};
		C01FCF5008A954540054247B /* Release */ = {
			isa = XCBuildConfiguration;
			buildSettings = {
				ARCHS = "$(ARCHS_STANDARD_32_BIT)";
				GCC_C_LANGUAGE_STANDARD = c99;
				GCC_VERSION = "";
				GCC_WARN_ABOUT_RETURN_TYPE = YES;
				GCC_WARN_UNUSED_VARIABLE = YES;
				OTHER_CFLAGS = "-DNS_BLOCK_ASSERTIONS=1";
				SDKROOT = iphoneos;
				VALID_ARCHS = "armv6 armv7 i386";
			};
			name = Release;
		};
/* End XCBuildConfiguration section */

/* Begin XCConfigurationList section */
		57B26193186818A200EFF1FD /* Build configuration list for PBXNativeTarget "yhgui" */ = {
			isa = XCConfigurationList;
			buildConfigurations = (
				57B26194186818A200EFF1FD /* Debug */,
				57B26195186818A200EFF1FD /* Release */,
			);
			defaultConfigurationIsVisible = 0;
			defaultConfigurationName = Debug;
		};
		C01FCF4E08A954540054247B /* Build configuration list for PBXProject "yhgui" */ = {
			isa = XCConfigurationList;
			buildConfigurations = (
				C01FCF4F08A954540054247B /* Debug */,
				C01FCF5008A954540054247B /* Release */,
			);
			defaultConfigurationIsVisible = 0;
			defaultConfigurationName = Debug;
		};
/* End XCConfigurationList section */
	};
	rootObject = 29B97313FDCFA39411CA2CEA /* Project object */;
}
