// !$*UTF8*$!
{
	archiveVersion = 1;
	classes = {
	};
	objectVersion = 46;
	objects = {

/* Begin PBXBuildFile section */
		5794620616BB6ECD00418DD5 /* QuartzCore.framework in Frameworks */ = {isa = PBXBuildFile; fileRef = 5794620516BB6ECD00418DD5 /* QuartzCore.framework */; };
		5794620816BB6ECD00418DD5 /* OpenGLES.framework in Frameworks */ = {isa = PBXBuildFile; fileRef = 5794620716BB6ECD00418DD5 /* OpenGLES.framework */; };
		5794620A16BB6ECD00418DD5 /* OpenAL.framework in Frameworks */ = {isa = PBXBuildFile; fileRef = 5794620916BB6ECD00418DD5 /* OpenAL.framework */; };
		5794620C16BB6ECD00418DD5 /* AudioToolbox.framework in Frameworks */ = {isa = PBXBuildFile; fileRef = 5794620B16BB6ECD00418DD5 /* AudioToolbox.framework */; };
		5794620E16BB6ECD00418DD5 /* AVFoundation.framework in Frameworks */ = {isa = PBXBuildFile; fileRef = 5794620D16BB6ECD00418DD5 /* AVFoundation.framework */; };
		5794621016BB6ECD00418DD5 /* UIKit.framework in Frameworks */ = {isa = PBXBuildFile; fileRef = 5794620F16BB6ECD00418DD5 /* UIKit.framework */; };
		5794621216BB6ECD00418DD5 /* Foundation.framework in Frameworks */ = {isa = PBXBuildFile; fileRef = 5794621116BB6ECD00418DD5 /* Foundation.framework */; };
		5794621416BB6ECD00418DD5 /* CoreGraphics.framework in Frameworks */ = {isa = PBXBuildFile; fileRef = 5794621316BB6ECD00418DD5 /* CoreGraphics.framework */; };
		579464DB16BB6FF800418DD5 /* CloseNormal.png in Resources */ = {isa = PBXBuildFile; fileRef = 579464D016BB6FF800418DD5 /* CloseNormal.png */; };
		579464DC16BB6FF800418DD5 /* CloseSelected.png in Resources */ = {isa = PBXBuildFile; fileRef = 579464D116BB6FF800418DD5 /* CloseSelected.png */; };
		579464DD16BB6FF800418DD5 /* Default.png in Resources */ = {isa = PBXBuildFile; fileRef = 579464D216BB6FF800418DD5 /* Default.png */; };
		579464DE16BB6FF800418DD5 /* HelloWorld.png in Resources */ = {isa = PBXBuildFile; fileRef = 579464D316BB6FF800418DD5 /* HelloWorld.png */; };
		579464DF16BB6FF800418DD5 /* Icon-72.png in Resources */ = {isa = PBXBuildFile; fileRef = 579464D416BB6FF800418DD5 /* Icon-72.png */; };
		579464E016BB6FF800418DD5 /* Icon-Small-50.png in Resources */ = {isa = PBXBuildFile; fileRef = 579464D516BB6FF800418DD5 /* Icon-Small-50.png */; };
		579464E116BB6FF800418DD5 /* Icon-Small.png in Resources */ = {isa = PBXBuildFile; fileRef = 579464D616BB6FF800418DD5 /* Icon-Small.png */; };
		579464E216BB6FF800418DD5 /* Icon-Small@2x.png in Resources */ = {isa = PBXBuildFile; fileRef = 579464D716BB6FF800418DD5 /* Icon-Small@2x.png */; };
		579464E316BB6FF800418DD5 /* Icon.png in Resources */ = {isa = PBXBuildFile; fileRef = 579464D816BB6FF800418DD5 /* Icon.png */; };
		579464E416BB6FF800418DD5 /* Icon@2x.png in Resources */ = {isa = PBXBuildFile; fileRef = 579464D916BB6FF800418DD5 /* Icon@2x.png */; };
		579464E516BB6FF800418DD5 /* iTunesArtwork in Resources */ = {isa = PBXBuildFile; fileRef = 579464DA16BB6FF800418DD5 /* iTunesArtwork */; };
		579464F116BB702800418DD5 /* libcocos2dx.a in Frameworks */ = {isa = PBXBuildFile; fileRef = 579464EE16BB701300418DD5 /* libcocos2dx.a */; };
		579464FC16BB708D00418DD5 /* AppDelegate.cpp in Sources */ = {isa = PBXBuildFile; fileRef = 579464F816BB708D00418DD5 /* AppDelegate.cpp */; };
		579464FD16BB708D00418DD5 /* HelloWorldScene.cpp in Sources */ = {isa = PBXBuildFile; fileRef = 579464FA16BB708D00418DD5 /* HelloWorldScene.cpp */; };
		5794650316BB70A400418DD5 /* AppController.mm in Sources */ = {isa = PBXBuildFile; fileRef = 579464FF16BB70A400418DD5 /* AppController.mm */; };
		5794650416BB70A400418DD5 /* main.m in Sources */ = {isa = PBXBuildFile; fileRef = 5794650016BB70A400418DD5 /* main.m */; };
		5794650516BB70A400418DD5 /* RootViewController.mm in Sources */ = {isa = PBXBuildFile; fileRef = 5794650216BB70A400418DD5 /* RootViewController.mm */; };
		5794651216BB70DC00418DD5 /* CloseNormal.png in Resources */ = {isa = PBXBuildFile; fileRef = 5794650E16BB70DC00418DD5 /* CloseNormal.png */; };
		5794651316BB70DC00418DD5 /* CloseSelected.png in Resources */ = {isa = PBXBuildFile; fileRef = 5794650F16BB70DC00418DD5 /* CloseSelected.png */; };
		5794651416BB70DC00418DD5 /* Default.png in Resources */ = {isa = PBXBuildFile; fileRef = 5794651016BB70DC00418DD5 /* Default.png */; };
		5794651516BB70DC00418DD5 /* HelloWorld.png in Resources */ = {isa = PBXBuildFile; fileRef = 5794651116BB70DC00418DD5 /* HelloWorld.png */; };
		57B5E82416DF4092003FB6DB /* BaseLayer.cpp in Sources */ = {isa = PBXBuildFile; fileRef = 57B5E81F16DF4092003FB6DB /* BaseLayer.cpp */; };
		57B5E82516DF4092003FB6DB /* BaseScene.cpp in Sources */ = {isa = PBXBuildFile; fileRef = 57B5E82216DF4092003FB6DB /* BaseScene.cpp */; };
		57BE156F16C20447004350CB /* BaseSceneController.cpp in Sources */ = {isa = PBXBuildFile; fileRef = 57BE156916C20447004350CB /* BaseSceneController.cpp */; };
		57BE157016C20447004350CB /* BaseScene.cpp in Sources */ = {isa = PBXBuildFile; fileRef = 57BE156C16C20447004350CB /* BaseScene.cpp */; };
		57BE157C16C2044E004350CB /* BaseLayer.cpp in Sources */ = {isa = PBXBuildFile; fileRef = 57BE157416C2044E004350CB /* BaseLayer.cpp */; };
		57BE157E16C2044E004350CB /* BaseScene.cpp in Sources */ = {isa = PBXBuildFile; fileRef = 57BE157A16C2044E004350CB /* BaseScene.cpp */; };
		57BE158316C20730004350CB /* BaseWidget.cpp in Sources */ = {isa = PBXBuildFile; fileRef = 57BE158116C20730004350CB /* BaseWidget.cpp */; };
		57BE158716C20849004350CB /* BaseWidget.cpp in Sources */ = {isa = PBXBuildFile; fileRef = 57BE158516C20849004350CB /* BaseWidget.cpp */; };
		57BE158D16C208A7004350CB /* UIBuilder.cpp in Sources */ = {isa = PBXBuildFile; fileRef = 57BE158A16C208A7004350CB /* UIBuilder.cpp */; };
		57BE159016C20BCC004350CB /* SceneFactory.cpp in Sources */ = {isa = PBXBuildFile; fileRef = 57BE158E16C20BCC004350CB /* SceneFactory.cpp */; };
		57DEBFB417AA6315005C6A18 /* YHLayer.cpp in Sources */ = {isa = PBXBuildFile; fileRef = 57DEBFAB17AA6315005C6A18 /* YHLayer.cpp */; };
		57DEBFB517AA6315005C6A18 /* YHLayerController.cpp in Sources */ = {isa = PBXBuildFile; fileRef = 57DEBFAD17AA6315005C6A18 /* YHLayerController.cpp */; };
		57DEBFB617AA6315005C6A18 /* YHScene.cpp in Sources */ = {isa = PBXBuildFile; fileRef = 57DEBFB017AA6315005C6A18 /* YHScene.cpp */; };
		57DEBFB717AA6315005C6A18 /* YHSceneDirector.cpp in Sources */ = {isa = PBXBuildFile; fileRef = 57DEBFB217AA6315005C6A18 /* YHSceneDirector.cpp */; };
/* End PBXBuildFile section */

/* Begin PBXContainerItemProxy section */
		579464ED16BB701300418DD5 /* PBXContainerItemProxy */ = {
			isa = PBXContainerItemProxy;
			containerPortal = 579464E616BB701300418DD5 /* cocos2dx.xcodeproj */;
			proxyType = 2;
			remoteGlobalIDString = 1551A33F158F2AB200E66CFE;
			remoteInfo = cocos2dx;
		};
		579464EF16BB702200418DD5 /* PBXContainerItemProxy */ = {
			isa = PBXContainerItemProxy;
			containerPortal = 579464E616BB701300418DD5 /* cocos2dx.xcodeproj */;
			proxyType = 1;
			remoteGlobalIDString = 1551A33E158F2AB200E66CFE;
			remoteInfo = cocos2dx;
		};
/* End PBXContainerItemProxy section */

/* Begin PBXFileReference section */
		5794620116BB6ECD00418DD5 /* CCUI.app */ = {isa = PBXFileReference; explicitFileType = wrapper.application; includeInIndex = 0; path = CCUI.app; sourceTree = BUILT_PRODUCTS_DIR; };
		5794620516BB6ECD00418DD5 /* QuartzCore.framework */ = {isa = PBXFileReference; lastKnownFileType = wrapper.framework; name = QuartzCore.framework; path = System/Library/Frameworks/QuartzCore.framework; sourceTree = SDKROOT; };
		5794620716BB6ECD00418DD5 /* OpenGLES.framework */ = {isa = PBXFileReference; lastKnownFileType = wrapper.framework; name = OpenGLES.framework; path = System/Library/Frameworks/OpenGLES.framework; sourceTree = SDKROOT; };
		5794620916BB6ECD00418DD5 /* OpenAL.framework */ = {isa = PBXFileReference; lastKnownFileType = wrapper.framework; name = OpenAL.framework; path = System/Library/Frameworks/OpenAL.framework; sourceTree = SDKROOT; };
		5794620B16BB6ECD00418DD5 /* AudioToolbox.framework */ = {isa = PBXFileReference; lastKnownFileType = wrapper.framework; name = AudioToolbox.framework; path = System/Library/Frameworks/AudioToolbox.framework; sourceTree = SDKROOT; };
		5794620D16BB6ECD00418DD5 /* AVFoundation.framework */ = {isa = PBXFileReference; lastKnownFileType = wrapper.framework; name = AVFoundation.framework; path = System/Library/Frameworks/AVFoundation.framework; sourceTree = SDKROOT; };
		5794620F16BB6ECD00418DD5 /* UIKit.framework */ = {isa = PBXFileReference; lastKnownFileType = wrapper.framework; name = UIKit.framework; path = System/Library/Frameworks/UIKit.framework; sourceTree = SDKROOT; };
		5794621116BB6ECD00418DD5 /* Foundation.framework */ = {isa = PBXFileReference; lastKnownFileType = wrapper.framework; name = Foundation.framework; path = System/Library/Frameworks/Foundation.framework; sourceTree = SDKROOT; };
		5794621316BB6ECD00418DD5 /* CoreGraphics.framework */ = {isa = PBXFileReference; lastKnownFileType = wrapper.framework; name = CoreGraphics.framework; path = System/Library/Frameworks/CoreGraphics.framework; sourceTree = SDKROOT; };
		579464D016BB6FF800418DD5 /* CloseNormal.png */ = {isa = PBXFileReference; lastKnownFileType = image.png; name = CloseNormal.png; path = Resources/CloseNormal.png; sourceTree = SOURCE_ROOT; };
		579464D116BB6FF800418DD5 /* CloseSelected.png */ = {isa = PBXFileReference; lastKnownFileType = image.png; name = CloseSelected.png; path = Resources/CloseSelected.png; sourceTree = SOURCE_ROOT; };
		579464D216BB6FF800418DD5 /* Default.png */ = {isa = PBXFileReference; lastKnownFileType = image.png; name = Default.png; path = Resources/Default.png; sourceTree = SOURCE_ROOT; };
		579464D316BB6FF800418DD5 /* HelloWorld.png */ = {isa = PBXFileReference; lastKnownFileType = image.png; name = HelloWorld.png; path = Resources/HelloWorld.png; sourceTree = SOURCE_ROOT; };
		579464D416BB6FF800418DD5 /* Icon-72.png */ = {isa = PBXFileReference; lastKnownFileType = image.png; name = "Icon-72.png"; path = "Resources/Icon-72.png"; sourceTree = SOURCE_ROOT; };
		579464D516BB6FF800418DD5 /* Icon-Small-50.png */ = {isa = PBXFileReference; lastKnownFileType = image.png; name = "Icon-Small-50.png"; path = "Resources/Icon-Small-50.png"; sourceTree = SOURCE_ROOT; };
		579464D616BB6FF800418DD5 /* Icon-Small.png */ = {isa = PBXFileReference; lastKnownFileType = image.png; name = "Icon-Small.png"; path = "Resources/Icon-Small.png"; sourceTree = SOURCE_ROOT; };
		579464D716BB6FF800418DD5 /* Icon-Small@2x.png */ = {isa = PBXFileReference; lastKnownFileType = image.png; name = "Icon-Small@2x.png"; path = "Resources/Icon-Small@2x.png"; sourceTree = SOURCE_ROOT; };
		579464D816BB6FF800418DD5 /* Icon.png */ = {isa = PBXFileReference; lastKnownFileType = image.png; name = Icon.png; path = Resources/Icon.png; sourceTree = SOURCE_ROOT; };
		579464D916BB6FF800418DD5 /* Icon@2x.png */ = {isa = PBXFileReference; lastKnownFileType = image.png; name = "Icon@2x.png"; path = "Resources/Icon@2x.png"; sourceTree = SOURCE_ROOT; };
		579464DA16BB6FF800418DD5 /* iTunesArtwork */ = {isa = PBXFileReference; lastKnownFileType = file; name = iTunesArtwork; path = Resources/iTunesArtwork; sourceTree = SOURCE_ROOT; };
		579464E616BB701300418DD5 /* cocos2dx.xcodeproj */ = {isa = PBXFileReference; lastKnownFileType = "wrapper.pb-project"; name = cocos2dx.xcodeproj; path = ../../cocos2dx/proj.ios/cocos2dx.xcodeproj; sourceTree = "<group>"; };
		579464F816BB708D00418DD5 /* AppDelegate.cpp */ = {isa = PBXFileReference; fileEncoding = 4; lastKnownFileType = sourcecode.cpp.cpp; path = AppDelegate.cpp; sourceTree = "<group>"; };
		579464F916BB708D00418DD5 /* AppDelegate.h */ = {isa = PBXFileReference; fileEncoding = 4; lastKnownFileType = sourcecode.c.h; path = AppDelegate.h; sourceTree = "<group>"; };
		579464FA16BB708D00418DD5 /* HelloWorldScene.cpp */ = {isa = PBXFileReference; fileEncoding = 4; lastKnownFileType = sourcecode.cpp.cpp; path = HelloWorldScene.cpp; sourceTree = "<group>"; };
		579464FB16BB708D00418DD5 /* HelloWorldScene.h */ = {isa = PBXFileReference; fileEncoding = 4; lastKnownFileType = sourcecode.c.h; path = HelloWorldScene.h; sourceTree = "<group>"; };
		579464FE16BB70A400418DD5 /* AppController.h */ = {isa = PBXFileReference; fileEncoding = 4; lastKnownFileType = sourcecode.c.h; path = AppController.h; sourceTree = SOURCE_ROOT; };
		579464FF16BB70A400418DD5 /* AppController.mm */ = {isa = PBXFileReference; fileEncoding = 4; lastKnownFileType = sourcecode.cpp.objcpp; path = AppController.mm; sourceTree = SOURCE_ROOT; };
		5794650016BB70A400418DD5 /* main.m */ = {isa = PBXFileReference; fileEncoding = 4; lastKnownFileType = sourcecode.c.objc; path = main.m; sourceTree = SOURCE_ROOT; };
		5794650116BB70A400418DD5 /* RootViewController.h */ = {isa = PBXFileReference; fileEncoding = 4; lastKnownFileType = sourcecode.c.h; path = RootViewController.h; sourceTree = SOURCE_ROOT; };
		5794650216BB70A400418DD5 /* RootViewController.mm */ = {isa = PBXFileReference; fileEncoding = 4; lastKnownFileType = sourcecode.cpp.objcpp; path = RootViewController.mm; sourceTree = SOURCE_ROOT; };
		5794650E16BB70DC00418DD5 /* CloseNormal.png */ = {isa = PBXFileReference; lastKnownFileType = image.png; path = CloseNormal.png; sourceTree = "<group>"; };
		5794650F16BB70DC00418DD5 /* CloseSelected.png */ = {isa = PBXFileReference; lastKnownFileType = image.png; path = CloseSelected.png; sourceTree = "<group>"; };
		5794651016BB70DC00418DD5 /* Default.png */ = {isa = PBXFileReference; lastKnownFileType = image.png; path = Default.png; sourceTree = "<group>"; };
		5794651116BB70DC00418DD5 /* HelloWorld.png */ = {isa = PBXFileReference; lastKnownFileType = image.png; path = HelloWorld.png; sourceTree = "<group>"; };
		57B5E81F16DF4092003FB6DB /* BaseLayer.cpp */ = {isa = PBXFileReference; fileEncoding = 4; lastKnownFileType = sourcecode.cpp.cpp; path = BaseLayer.cpp; sourceTree = "<group>"; };
		57B5E82016DF4092003FB6DB /* BaseLayer.h */ = {isa = PBXFileReference; fileEncoding = 4; lastKnownFileType = sourcecode.c.h; path = BaseLayer.h; sourceTree = "<group>"; };
		57B5E82216DF4092003FB6DB /* BaseScene.cpp */ = {isa = PBXFileReference; fileEncoding = 4; lastKnownFileType = sourcecode.cpp.cpp; path = BaseScene.cpp; sourceTree = "<group>"; };
		57B5E82316DF4092003FB6DB /* BaseScene.h */ = {isa = PBXFileReference; fileEncoding = 4; lastKnownFileType = sourcecode.c.h; path = BaseScene.h; sourceTree = "<group>"; };
		57BE156916C20447004350CB /* BaseSceneController.cpp */ = {isa = PBXFileReference; fileEncoding = 4; lastKnownFileType = sourcecode.cpp.cpp; path = BaseSceneController.cpp; sourceTree = "<group>"; };
		57BE156A16C20447004350CB /* BaseSceneController.h */ = {isa = PBXFileReference; fileEncoding = 4; lastKnownFileType = sourcecode.c.h; path = BaseSceneController.h; sourceTree = "<group>"; };
		57BE156C16C20447004350CB /* BaseScene.cpp */ = {isa = PBXFileReference; fileEncoding = 4; lastKnownFileType = sourcecode.cpp.cpp; path = BaseScene.cpp; sourceTree = "<group>"; };
		57BE156D16C20447004350CB /* BaseScene.h */ = {isa = PBXFileReference; fileEncoding = 4; lastKnownFileType = sourcecode.c.h; path = BaseScene.h; sourceTree = "<group>"; };
		57BE157416C2044E004350CB /* BaseLayer.cpp */ = {isa = PBXFileReference; fileEncoding = 4; lastKnownFileType = sourcecode.cpp.cpp; path = BaseLayer.cpp; sourceTree = "<group>"; };
		57BE157516C2044E004350CB /* BaseLayer.h */ = {isa = PBXFileReference; fileEncoding = 4; lastKnownFileType = sourcecode.c.h; path = BaseLayer.h; sourceTree = "<group>"; };
		57BE157A16C2044E004350CB /* BaseScene.cpp */ = {isa = PBXFileReference; fileEncoding = 4; lastKnownFileType = sourcecode.cpp.cpp; path = BaseScene.cpp; sourceTree = "<group>"; };
		57BE157B16C2044E004350CB /* BaseScene.h */ = {isa = PBXFileReference; fileEncoding = 4; lastKnownFileType = sourcecode.c.h; path = BaseScene.h; sourceTree = "<group>"; };
		57BE157F16C2048B004350CB /* CCUIMacros.h */ = {isa = PBXFileReference; fileEncoding = 4; lastKnownFileType = sourcecode.c.h; path = CCUIMacros.h; sourceTree = "<group>"; };
		57BE158116C20730004350CB /* BaseWidget.cpp */ = {isa = PBXFileReference; fileEncoding = 4; lastKnownFileType = sourcecode.cpp.cpp; path = BaseWidget.cpp; sourceTree = "<group>"; };
		57BE158216C20730004350CB /* BaseWidget.h */ = {isa = PBXFileReference; fileEncoding = 4; lastKnownFileType = sourcecode.c.h; path = BaseWidget.h; sourceTree = "<group>"; };
		57BE158516C20849004350CB /* BaseWidget.cpp */ = {isa = PBXFileReference; fileEncoding = 4; lastKnownFileType = sourcecode.cpp.cpp; path = BaseWidget.cpp; sourceTree = "<group>"; };
		57BE158616C20849004350CB /* BaseWidget.h */ = {isa = PBXFileReference; fileEncoding = 4; lastKnownFileType = sourcecode.c.h; path = BaseWidget.h; sourceTree = "<group>"; };
		57BE158A16C208A7004350CB /* UIBuilder.cpp */ = {isa = PBXFileReference; fileEncoding = 4; lastKnownFileType = sourcecode.cpp.cpp; path = UIBuilder.cpp; sourceTree = "<group>"; };
		57BE158B16C208A7004350CB /* UIBuilder.h */ = {isa = PBXFileReference; fileEncoding = 4; lastKnownFileType = sourcecode.c.h; path = UIBuilder.h; sourceTree = "<group>"; };
		57BE158E16C20BCC004350CB /* SceneFactory.cpp */ = {isa = PBXFileReference; fileEncoding = 4; lastKnownFileType = sourcecode.cpp.cpp; path = SceneFactory.cpp; sourceTree = "<group>"; };
		57BE158F16C20BCC004350CB /* SceneFactory.h */ = {isa = PBXFileReference; fileEncoding = 4; lastKnownFileType = sourcecode.c.h; path = SceneFactory.h; sourceTree = "<group>"; };
		57DEBFAB17AA6315005C6A18 /* YHLayer.cpp */ = {isa = PBXFileReference; fileEncoding = 4; lastKnownFileType = sourcecode.cpp.cpp; path = YHLayer.cpp; sourceTree = "<group>"; };
		57DEBFAC17AA6315005C6A18 /* YHLayer.h */ = {isa = PBXFileReference; fileEncoding = 4; lastKnownFileType = sourcecode.c.h; path = YHLayer.h; sourceTree = "<group>"; };
		57DEBFAD17AA6315005C6A18 /* YHLayerController.cpp */ = {isa = PBXFileReference; fileEncoding = 4; lastKnownFileType = sourcecode.cpp.cpp; path = YHLayerController.cpp; sourceTree = "<group>"; };
		57DEBFAE17AA6315005C6A18 /* YHLayerController.h */ = {isa = PBXFileReference; fileEncoding = 4; lastKnownFileType = sourcecode.c.h; path = YHLayerController.h; sourceTree = "<group>"; };
		57DEBFAF17AA6315005C6A18 /* YHMVCMacros.h */ = {isa = PBXFileReference; fileEncoding = 4; lastKnownFileType = sourcecode.c.h; path = YHMVCMacros.h; sourceTree = "<group>"; };
		57DEBFB017AA6315005C6A18 /* YHScene.cpp */ = {isa = PBXFileReference; fileEncoding = 4; lastKnownFileType = sourcecode.cpp.cpp; path = YHScene.cpp; sourceTree = "<group>"; };
		57DEBFB117AA6315005C6A18 /* YHScene.h */ = {isa = PBXFileReference; fileEncoding = 4; lastKnownFileType = sourcecode.c.h; path = YHScene.h; sourceTree = "<group>"; };
		57DEBFB217AA6315005C6A18 /* YHSceneDirector.cpp */ = {isa = PBXFileReference; fileEncoding = 4; lastKnownFileType = sourcecode.cpp.cpp; path = YHSceneDirector.cpp; sourceTree = "<group>"; };
		57DEBFB317AA6315005C6A18 /* YHSceneDirector.h */ = {isa = PBXFileReference; fileEncoding = 4; lastKnownFileType = sourcecode.c.h; path = YHSceneDirector.h; sourceTree = "<group>"; };
/* End PBXFileReference section */

/* Begin PBXFrameworksBuildPhase section */
		579461FE16BB6ECD00418DD5 /* Frameworks */ = {
			isa = PBXFrameworksBuildPhase;
			buildActionMask = 2147483647;
			files = (
				579464F116BB702800418DD5 /* libcocos2dx.a in Frameworks */,
				5794620616BB6ECD00418DD5 /* QuartzCore.framework in Frameworks */,
				5794620816BB6ECD00418DD5 /* OpenGLES.framework in Frameworks */,
				5794620A16BB6ECD00418DD5 /* OpenAL.framework in Frameworks */,
				5794620C16BB6ECD00418DD5 /* AudioToolbox.framework in Frameworks */,
				5794620E16BB6ECD00418DD5 /* AVFoundation.framework in Frameworks */,
				5794621016BB6ECD00418DD5 /* UIKit.framework in Frameworks */,
				5794621216BB6ECD00418DD5 /* Foundation.framework in Frameworks */,
				5794621416BB6ECD00418DD5 /* CoreGraphics.framework in Frameworks */,
			);
			runOnlyForDeploymentPostprocessing = 0;
		};
/* End PBXFrameworksBuildPhase section */

/* Begin PBXGroup section */
		579461F616BB6ECD00418DD5 = {
			isa = PBXGroup;
			children = (
				579464E616BB701300418DD5 /* cocos2dx.xcodeproj */,
				57DEBFAA17AA6315005C6A18 /* mvc */,
				579464B116BB6ED400418DD5 /* Classes */,
				5794622E16BB6ECD00418DD5 /* ios */,
				5794621616BB6ECD00418DD5 /* Resources */,
				5794620416BB6ECD00418DD5 /* Frameworks */,
				5794620216BB6ECD00418DD5 /* Products */,
			);
			sourceTree = "<group>";
		};
		5794620216BB6ECD00418DD5 /* Products */ = {
			isa = PBXGroup;
			children = (
				5794620116BB6ECD00418DD5 /* CCUI.app */,
			);
			name = Products;
			sourceTree = "<group>";
		};
		5794620416BB6ECD00418DD5 /* Frameworks */ = {
			isa = PBXGroup;
			children = (
				5794620516BB6ECD00418DD5 /* QuartzCore.framework */,
				5794620716BB6ECD00418DD5 /* OpenGLES.framework */,
				5794620916BB6ECD00418DD5 /* OpenAL.framework */,
				5794620B16BB6ECD00418DD5 /* AudioToolbox.framework */,
				5794620D16BB6ECD00418DD5 /* AVFoundation.framework */,
				5794620F16BB6ECD00418DD5 /* UIKit.framework */,
				5794621116BB6ECD00418DD5 /* Foundation.framework */,
				5794621316BB6ECD00418DD5 /* CoreGraphics.framework */,
			);
			name = Frameworks;
			sourceTree = "<group>";
		};
		5794621616BB6ECD00418DD5 /* Resources */ = {
			isa = PBXGroup;
			children = (
				5794650E16BB70DC00418DD5 /* CloseNormal.png */,
				5794650F16BB70DC00418DD5 /* CloseSelected.png */,
				5794651016BB70DC00418DD5 /* Default.png */,
				5794651116BB70DC00418DD5 /* HelloWorld.png */,
				579464D016BB6FF800418DD5 /* CloseNormal.png */,
				579464D116BB6FF800418DD5 /* CloseSelected.png */,
				579464D216BB6FF800418DD5 /* Default.png */,
				579464D316BB6FF800418DD5 /* HelloWorld.png */,
				579464D416BB6FF800418DD5 /* Icon-72.png */,
				579464D516BB6FF800418DD5 /* Icon-Small-50.png */,
				579464D616BB6FF800418DD5 /* Icon-Small.png */,
				579464D716BB6FF800418DD5 /* Icon-Small@2x.png */,
				579464D816BB6FF800418DD5 /* Icon.png */,
				579464D916BB6FF800418DD5 /* Icon@2x.png */,
				579464DA16BB6FF800418DD5 /* iTunesArtwork */,
			);
			name = Resources;
			path = ../Resources;
			sourceTree = "<group>";
		};
		5794622E16BB6ECD00418DD5 /* ios */ = {
			isa = PBXGroup;
			children = (
				579464FE16BB70A400418DD5 /* AppController.h */,
				579464FF16BB70A400418DD5 /* AppController.mm */,
				5794650016BB70A400418DD5 /* main.m */,
				5794650116BB70A400418DD5 /* RootViewController.h */,
				5794650216BB70A400418DD5 /* RootViewController.mm */,
			);
			name = ios;
			path = CCUI;
			sourceTree = "<group>";
		};
		579464B116BB6ED400418DD5 /* Classes */ = {
			isa = PBXGroup;
			children = (
				57B5E81E16DF4092003FB6DB /* Layers */,
				57B5E82116DF4092003FB6DB /* Scenes */,
				57BE158816C208A7004350CB /* BinaryBuilder */,
				57BE158916C208A7004350CB /* Builder */,
				57BE158C16C208A7004350CB /* UI */,
				57BE157216C2044E004350CB /* TwoStoreys */,
				57BE156416C20447004350CB /* ThreeStoreys */,
				579464F816BB708D00418DD5 /* AppDelegate.cpp */,
				579464F916BB708D00418DD5 /* AppDelegate.h */,
				579464FA16BB708D00418DD5 /* HelloWorldScene.cpp */,
				579464FB16BB708D00418DD5 /* HelloWorldScene.h */,
				57BE157F16C2048B004350CB /* CCUIMacros.h */,
			);
			name = Classes;
			path = ../Classes;
			sourceTree = "<group>";
		};
		579464E716BB701300418DD5 /* Products */ = {
			isa = PBXGroup;
			children = (
				579464EE16BB701300418DD5 /* libcocos2dx.a */,
			);
			name = Products;
			sourceTree = "<group>";
		};
		57B5E81E16DF4092003FB6DB /* Layers */ = {
			isa = PBXGroup;
			children = (
				57B5E81F16DF4092003FB6DB /* BaseLayer.cpp */,
				57B5E82016DF4092003FB6DB /* BaseLayer.h */,
			);
			path = Layers;
			sourceTree = "<group>";
		};
		57B5E82116DF4092003FB6DB /* Scenes */ = {
			isa = PBXGroup;
			children = (
				57B5E82216DF4092003FB6DB /* BaseScene.cpp */,
				57B5E82316DF4092003FB6DB /* BaseScene.h */,
			);
			path = Scenes;
			sourceTree = "<group>";
		};
		57BE156416C20447004350CB /* ThreeStoreys */ = {
			isa = PBXGroup;
			children = (
				57BE158016C20730004350CB /* Widgets */,
				57BE156816C20447004350CB /* SceneControllers */,
				57BE156B16C20447004350CB /* Scenes */,
			);
			path = ThreeStoreys;
			sourceTree = "<group>";
		};
		57BE156816C20447004350CB /* SceneControllers */ = {
			isa = PBXGroup;
			children = (
				57BE156916C20447004350CB /* BaseSceneController.cpp */,
				57BE156A16C20447004350CB /* BaseSceneController.h */,
			);
			path = SceneControllers;
			sourceTree = "<group>";
		};
		57BE156B16C20447004350CB /* Scenes */ = {
			isa = PBXGroup;
			children = (
				57BE156C16C20447004350CB /* BaseScene.cpp */,
				57BE156D16C20447004350CB /* BaseScene.h */,
			);
			path = Scenes;
			sourceTree = "<group>";
		};
		57BE157216C2044E004350CB /* TwoStoreys */ = {
			isa = PBXGroup;
			children = (
				57BE158416C20849004350CB /* Widgets */,
				57BE157316C2044E004350CB /* Layers */,
				57BE157916C2044E004350CB /* Scenes */,
			);
			path = TwoStoreys;
			sourceTree = "<group>";
		};
		57BE157316C2044E004350CB /* Layers */ = {
			isa = PBXGroup;
			children = (
				57BE157416C2044E004350CB /* BaseLayer.cpp */,
				57BE157516C2044E004350CB /* BaseLayer.h */,
			);
			path = Layers;
			sourceTree = "<group>";
		};
		57BE157916C2044E004350CB /* Scenes */ = {
			isa = PBXGroup;
			children = (
				57BE157A16C2044E004350CB /* BaseScene.cpp */,
				57BE157B16C2044E004350CB /* BaseScene.h */,
			);
			path = Scenes;
			sourceTree = "<group>";
		};
		57BE158016C20730004350CB /* Widgets */ = {
			isa = PBXGroup;
			children = (
				57BE158116C20730004350CB /* BaseWidget.cpp */,
				57BE158216C20730004350CB /* BaseWidget.h */,
			);
			path = Widgets;
			sourceTree = "<group>";
		};
		57BE158416C20849004350CB /* Widgets */ = {
			isa = PBXGroup;
			children = (
				57BE158516C20849004350CB /* BaseWidget.cpp */,
				57BE158616C20849004350CB /* BaseWidget.h */,
			);
			path = Widgets;
			sourceTree = "<group>";
		};
		57BE158816C208A7004350CB /* BinaryBuilder */ = {
			isa = PBXGroup;
			children = (
			);
			path = BinaryBuilder;
			sourceTree = "<group>";
		};
		57BE158916C208A7004350CB /* Builder */ = {
			isa = PBXGroup;
			children = (
				57BE158E16C20BCC004350CB /* SceneFactory.cpp */,
				57BE158F16C20BCC004350CB /* SceneFactory.h */,
				57BE158A16C208A7004350CB /* UIBuilder.cpp */,
				57BE158B16C208A7004350CB /* UIBuilder.h */,
			);
			path = Builder;
			sourceTree = "<group>";
		};
		57BE158C16C208A7004350CB /* UI */ = {
			isa = PBXGroup;
			children = (
			);
			path = UI;
			sourceTree = "<group>";
		};
		57DEBFAA17AA6315005C6A18 /* mvc */ = {
			isa = PBXGroup;
			children = (
				57DEBFAB17AA6315005C6A18 /* YHLayer.cpp */,
				57DEBFAC17AA6315005C6A18 /* YHLayer.h */,
				57DEBFAD17AA6315005C6A18 /* YHLayerController.cpp */,
				57DEBFAE17AA6315005C6A18 /* YHLayerController.h */,
				57DEBFAF17AA6315005C6A18 /* YHMVCMacros.h */,
				57DEBFB017AA6315005C6A18 /* YHScene.cpp */,
				57DEBFB117AA6315005C6A18 /* YHScene.h */,
				57DEBFB217AA6315005C6A18 /* YHSceneDirector.cpp */,
				57DEBFB317AA6315005C6A18 /* YHSceneDirector.h */,
			);
			name = mvc;
			path = ../mvc;
			sourceTree = "<group>";
		};
/* End PBXGroup section */

/* Begin PBXNativeTarget section */
		5794620016BB6ECD00418DD5 /* CCUI */ = {
			isa = PBXNativeTarget;
			buildConfigurationList = 579464BA16BB6ED400418DD5 /* Build configuration list for PBXNativeTarget "CCUI" */;
			buildPhases = (
				579461FD16BB6ECD00418DD5 /* Sources */,
				579461FE16BB6ECD00418DD5 /* Frameworks */,
				579461FF16BB6ECD00418DD5 /* Resources */,
			);
			buildRules = (
			);
			dependencies = (
				579464F016BB702200418DD5 /* PBXTargetDependency */,
			);
			name = CCUI;
			productName = CCUI;
			productReference = 5794620116BB6ECD00418DD5 /* CCUI.app */;
			productType = "com.apple.product-type.application";
		};
/* End PBXNativeTarget section */

/* Begin PBXProject section */
		579461F816BB6ECD00418DD5 /* Project object */ = {
			isa = PBXProject;
			attributes = {
				LastUpgradeCheck = 0450;
			};
			buildConfigurationList = 579461FB16BB6ECD00418DD5 /* Build configuration list for PBXProject "CCUI" */;
			compatibilityVersion = "Xcode 3.2";
			developmentRegion = English;
			hasScannedForEncodings = 0;
			knownRegions = (
				en,
			);
			mainGroup = 579461F616BB6ECD00418DD5;
			productRefGroup = 5794620216BB6ECD00418DD5 /* Products */;
			projectDirPath = "";
			projectReferences = (
				{
					ProductGroup = 579464E716BB701300418DD5 /* Products */;
					ProjectRef = 579464E616BB701300418DD5 /* cocos2dx.xcodeproj */;
				},
			);
			projectRoot = "";
			targets = (
				5794620016BB6ECD00418DD5 /* CCUI */,
			);
		};
/* End PBXProject section */

/* Begin PBXReferenceProxy section */
		579464EE16BB701300418DD5 /* libcocos2dx.a */ = {
			isa = PBXReferenceProxy;
			fileType = archive.ar;
			path = libcocos2dx.a;
			remoteRef = 579464ED16BB701300418DD5 /* PBXContainerItemProxy */;
			sourceTree = BUILT_PRODUCTS_DIR;
		};
/* End PBXReferenceProxy section */

/* Begin PBXResourcesBuildPhase section */
		579461FF16BB6ECD00418DD5 /* Resources */ = {
			isa = PBXResourcesBuildPhase;
			buildActionMask = 2147483647;
			files = (
				579464DB16BB6FF800418DD5 /* CloseNormal.png in Resources */,
				579464DC16BB6FF800418DD5 /* CloseSelected.png in Resources */,
				579464DD16BB6FF800418DD5 /* Default.png in Resources */,
				579464DE16BB6FF800418DD5 /* HelloWorld.png in Resources */,
				579464DF16BB6FF800418DD5 /* Icon-72.png in Resources */,
				579464E016BB6FF800418DD5 /* Icon-Small-50.png in Resources */,
				579464E116BB6FF800418DD5 /* Icon-Small.png in Resources */,
				579464E216BB6FF800418DD5 /* Icon-Small@2x.png in Resources */,
				579464E316BB6FF800418DD5 /* Icon.png in Resources */,
				579464E416BB6FF800418DD5 /* Icon@2x.png in Resources */,
				579464E516BB6FF800418DD5 /* iTunesArtwork in Resources */,
				5794651216BB70DC00418DD5 /* CloseNormal.png in Resources */,
				5794651316BB70DC00418DD5 /* CloseSelected.png in Resources */,
				5794651416BB70DC00418DD5 /* Default.png in Resources */,
				5794651516BB70DC00418DD5 /* HelloWorld.png in Resources */,
			);
			runOnlyForDeploymentPostprocessing = 0;
		};
/* End PBXResourcesBuildPhase section */

/* Begin PBXSourcesBuildPhase section */
		579461FD16BB6ECD00418DD5 /* Sources */ = {
			isa = PBXSourcesBuildPhase;
			buildActionMask = 2147483647;
			files = (
				579464FC16BB708D00418DD5 /* AppDelegate.cpp in Sources */,
				579464FD16BB708D00418DD5 /* HelloWorldScene.cpp in Sources */,
				5794650316BB70A400418DD5 /* AppController.mm in Sources */,
				5794650416BB70A400418DD5 /* main.m in Sources */,
				5794650516BB70A400418DD5 /* RootViewController.mm in Sources */,
				57BE156F16C20447004350CB /* BaseSceneController.cpp in Sources */,
				57BE157016C20447004350CB /* BaseScene.cpp in Sources */,
				57BE157C16C2044E004350CB /* BaseLayer.cpp in Sources */,
				57BE157E16C2044E004350CB /* BaseScene.cpp in Sources */,
				57BE158316C20730004350CB /* BaseWidget.cpp in Sources */,
				57BE158716C20849004350CB /* BaseWidget.cpp in Sources */,
				57BE158D16C208A7004350CB /* UIBuilder.cpp in Sources */,
				57BE159016C20BCC004350CB /* SceneFactory.cpp in Sources */,
				57B5E82416DF4092003FB6DB /* BaseLayer.cpp in Sources */,
				57B5E82516DF4092003FB6DB /* BaseScene.cpp in Sources */,
				57DEBFB417AA6315005C6A18 /* YHLayer.cpp in Sources */,
				57DEBFB517AA6315005C6A18 /* YHLayerController.cpp in Sources */,
				57DEBFB617AA6315005C6A18 /* YHScene.cpp in Sources */,
				57DEBFB717AA6315005C6A18 /* YHSceneDirector.cpp in Sources */,
			);
			runOnlyForDeploymentPostprocessing = 0;
		};
/* End PBXSourcesBuildPhase section */

/* Begin PBXTargetDependency section */
		579464F016BB702200418DD5 /* PBXTargetDependency */ = {
			isa = PBXTargetDependency;
			name = cocos2dx;
			targetProxy = 579464EF16BB702200418DD5 /* PBXContainerItemProxy */;
		};
/* End PBXTargetDependency section */

/* Begin XCBuildConfiguration section */
		579464B816BB6ED400418DD5 /* Debug */ = {
			isa = XCBuildConfiguration;
			buildSettings = {
				ARCHS = "$(ARCHS_STANDARD_32_BIT)";
				"CODE_SIGN_IDENTITY[sdk=iphoneos*]" = "iPhone Developer";
				GCC_C_LANGUAGE_STANDARD = gnu99;
				GCC_OPTIMIZATION_LEVEL = 0;
				GCC_PREPROCESSOR_DEFINITIONS = (
					DEBUG,
					"COCOS2D_DEBUG=1",
					USE_FILE32API,
					CC_TARGET_OS_IPHONE,
				);
				GCC_SYMBOLS_PRIVATE_EXTERN = NO;
				GCC_WARN_ABOUT_RETURN_TYPE = YES;
				GCC_WARN_UNUSED_VARIABLE = YES;
				HEADER_SEARCH_PATHS = (
					"\"$(PROJECT_NAME)/libs/cocos2dx/kazmath/include\"",
					"\"$(PROJECT_NAME)/libs/cocos2dx\"",
					"\"$(PROJECT_NAME)/libs/CocosDenshion/include\"",
					"\"$(SDKROOT)/usr/include/libxml2\"",
					"\"$(PROJECT_NAME)/libs/cocos2dx/include\"",
					"\"$(PROJECT_NAME)/libs/cocos2dx/platform/third_party/ios\"",
					"\"$(PROJECT_NAME)/libs/cocos2dx/platform/ios\"",
				);
				IPHONEOS_DEPLOYMENT_TARGET = 6.0;
				SDKROOT = iphoneos;
				TARGETED_DEVICE_FAMILY = "1,2";
			};
			name = Debug;
		};
		579464B916BB6ED400418DD5 /* Release */ = {
			isa = XCBuildConfiguration;
			buildSettings = {
				ARCHS = "$(ARCHS_STANDARD_32_BIT)";
				"CODE_SIGN_IDENTITY[sdk=iphoneos*]" = "iPhone Developer";
				GCC_C_LANGUAGE_STANDARD = gnu99;
				GCC_PREPROCESSOR_DEFINITIONS = (
					NDEBUG,
					USE_FILE32API,
					CC_TARGET_OS_IPHONE,
				);
				GCC_WARN_ABOUT_RETURN_TYPE = YES;
				GCC_WARN_UNUSED_VARIABLE = YES;
				HEADER_SEARCH_PATHS = (
					"\"$(PROJECT_NAME)/libs/cocos2dx/kazmath/include\"",
					"\"$(PROJECT_NAME)/libs/cocos2dx\"",
					"\"$(PROJECT_NAME)/libs/CocosDenshion/include\"",
					"\"$(SDKROOT)/usr/include/libxml2\"",
					"\"$(PROJECT_NAME)/libs/cocos2dx/include\"",
					"\"$(PROJECT_NAME)/libs/cocos2dx/platform/third_party/ios\"",
					"\"$(PROJECT_NAME)/libs/cocos2dx/platform/ios\"",
				);
				IPHONEOS_DEPLOYMENT_TARGET = 6.0;
				OTHER_CFLAGS = "-DNS_BLOCK_ASSERTIONS=1";
				SDKROOT = iphoneos;
				TARGETED_DEVICE_FAMILY = "1,2";
			};
			name = Release;
		};
		579464BB16BB6ED400418DD5 /* Debug */ = {
			isa = XCBuildConfiguration;
			buildSettings = {
				ALWAYS_SEARCH_USER_PATHS = NO;
				COPY_PHASE_STRIP = NO;
				GCC_DYNAMIC_NO_PIC = NO;
				GCC_PRECOMPILE_PREFIX_HEADER = YES;
				GCC_PREFIX_HEADER = Prefix.pch;
				GCC_PREPROCESSOR_DEFINITIONS = (
					DEBUG,
					"COCOS2D_DEBUG=1",
					USE_FILE32API,
					CC_TARGET_OS_IPHONE,
					TARGET_OS_IPHONE,
				);
				"GCC_THUMB_SUPPORT[arch=armv6]" = "";
				HEADER_SEARCH_PATHS = (
					"\"$(SRCROOT)/../../cocos2dx/kazmath/include\"",
					"\"$(SRCROOT)/../../cocos2dx\"",
					"\"$(SRCROOT)/../../CocosDenshion/include\"",
					"\"$(SDKROOT)/usr/include/libxml2\"",
					"\"$(SRCROOT)/../../cocos2dx/include\"",
					"\"$(SRCROOT)/../../cocos2dx/platform/third_party/ios\"",
					"\"$(SRCROOT)/../../cocos2dx/platform/ios\"",
					"\"$(SRCROOT)/Libs/Jsoncpp/include\"",
				);
				INFOPLIST_FILE = Resources/Info.plist;
				LIBRARY_SEARCH_PATHS = (
					"$(inherited)",
					"\"$(SRCROOT)/../../cocos2dx/platform/third_party/ios/libraries\"",
				);
				OTHER_LDFLAGS = (
					"-lxml2",
					"-lz",
				);
				PRODUCT_NAME = "$(TARGET_NAME)";
				WRAPPER_EXTENSION = app;
			};
			name = Debug;
		};
		579464BC16BB6ED400418DD5 /* Release */ = {
			isa = XCBuildConfiguration;
			buildSettings = {
				ALWAYS_SEARCH_USER_PATHS = NO;
				COPY_PHASE_STRIP = YES;
				GCC_PRECOMPILE_PREFIX_HEADER = YES;
				GCC_PREFIX_HEADER = Prefix.pch;
				GCC_PREPROCESSOR_DEFINITIONS = (
					NDEBUG,
					USE_FILE32API,
					CC_TARGET_OS_IPHONE,
					TARGET_OS_IPHONE,
				);
				"GCC_THUMB_SUPPORT[arch=armv6]" = "";
				HEADER_SEARCH_PATHS = (
					"\"$(SRCROOT)/../../cocos2dx/kazmath/include\"",
					"\"$(SRCROOT)/../../cocos2dx\"",
					"\"$(SRCROOT)/../../CocosDenshion/include\"",
					"\"$(SDKROOT)/usr/include/libxml2\"",
					"\"$(SRCROOT)/../../cocos2dx/include\"",
					"\"$(SRCROOT)/../../cocos2dx/platform/third_party/ios\"",
					"\"$(SRCROOT)/../../cocos2dx/platform/ios\"",
					"\"$(SRCROOT)/Libs/Jsoncpp/include\"",
				);
				INFOPLIST_FILE = Resources/Info.plist;
				LIBRARY_SEARCH_PATHS = (
					"$(inherited)",
					"\"$(SRCROOT)/../../cocos2dx/platform/third_party/ios/libraries\"",
				);
				OTHER_LDFLAGS = (
					"-lxml2",
					"-lz",
				);
				PRODUCT_NAME = "$(TARGET_NAME)";
				VALIDATE_PRODUCT = YES;
				WRAPPER_EXTENSION = app;
			};
			name = Release;
		};
/* End XCBuildConfiguration section */

/* Begin XCConfigurationList section */
		579461FB16BB6ECD00418DD5 /* Build configuration list for PBXProject "CCUI" */ = {
			isa = XCConfigurationList;
			buildConfigurations = (
				579464B816BB6ED400418DD5 /* Debug */,
				579464B916BB6ED400418DD5 /* Release */,
			);
			defaultConfigurationIsVisible = 0;
			defaultConfigurationName = Release;
		};
		579464BA16BB6ED400418DD5 /* Build configuration list for PBXNativeTarget "CCUI" */ = {
			isa = XCConfigurationList;
			buildConfigurations = (
				579464BB16BB6ED400418DD5 /* Debug */,
				579464BC16BB6ED400418DD5 /* Release */,
			);
			defaultConfigurationIsVisible = 0;
			defaultConfigurationName = Release;
		};
/* End XCConfigurationList section */
	};
	rootObject = 579461F816BB6ECD00418DD5 /* Project object */;
}
