<?xml version="1.0" encoding="utf-8"?>
<Project ToolsVersion="4.0" xmlns="http://schemas.microsoft.com/developer/msbuild/2003">
  <ItemGroup>
    <Filter Include="win32">
      <UniqueIdentifier>{84a8ebd7-7cf0-47f6-b75e-d441df67da40}</UniqueIdentifier>
    </Filter>
    <Filter Include="Classes">
      <UniqueIdentifier>{bb6c862e-70e9-49d9-81b7-3829a6f50471}</UniqueIdentifier>
    </Filter>
    <Filter Include="yhgui">
      <UniqueIdentifier>{02e99278-14f2-4095-b767-a49acbc67248}</UniqueIdentifier>
    </Filter>
    <Filter Include="yhgui\builder">
      <UniqueIdentifier>{73e2713f-d8b8-4e70-8eb3-3b852201563a}</UniqueIdentifier>
    </Filter>
    <Filter Include="yhgui\control">
      <UniqueIdentifier>{100f48bb-e18a-4bfa-b785-65828cfdc038}</UniqueIdentifier>
    </Filter>
    <Filter Include="yhgui\event">
      <UniqueIdentifier>{5502913b-b0d0-4b03-98de-54667ee88cd9}</UniqueIdentifier>
    </Filter>
    <Filter Include="yhgui\mobie">
      <UniqueIdentifier>{1f0734e8-60ec-421e-964a-357c27699a39}</UniqueIdentifier>
    </Filter>
    <Filter Include="Libs">
      <UniqueIdentifier>{905bf6b0-00bc-4bff-847c-944a38985d90}</UniqueIdentifier>
    </Filter>
    <Filter Include="Libs\Event">
      <UniqueIdentifier>{ae6cce6d-b3f9-46a6-8c92-d670677dc663}</UniqueIdentifier>
    </Filter>
    <Filter Include="Libs\Jsoncpp">
      <UniqueIdentifier>{e5cee504-c523-4f6d-9016-4ea4205f7bff}</UniqueIdentifier>
    </Filter>
    <Filter Include="Libs\Jsoncpp\include">
      <UniqueIdentifier>{15f86f65-b604-410a-83bc-43fa8bc3a4b7}</UniqueIdentifier>
    </Filter>
    <Filter Include="Libs\Jsoncpp\src">
      <UniqueIdentifier>{a78d8d34-8d47-4de1-bb5e-b109bf8feb0a}</UniqueIdentifier>
    </Filter>
    <Filter Include="Libs\Jsoncpp\include\json">
      <UniqueIdentifier>{63cecf8f-c497-4176-8700-08b52baa591c}</UniqueIdentifier>
    </Filter>
    <Filter Include="Libs\Jsoncpp\src\lib_json">
      <UniqueIdentifier>{69b41b74-910f-4ccf-8b98-fc6ff09875b6}</UniqueIdentifier>
    </Filter>
  </ItemGroup>
  <ItemGroup>
    <ClCompile Include="main.cpp">
      <Filter>win32</Filter>
    </ClCompile>
    <ClCompile Include="..\Classes\AppDelegate.cpp">
      <Filter>Classes</Filter>
    </ClCompile>
    <ClCompile Include="..\Classes\HelloWorldScene.cpp">
      <Filter>Classes</Filter>
    </ClCompile>
    <ClCompile Include="..\yhgui\Component.cpp">
      <Filter>yhgui</Filter>
    </ClCompile>
    <ClCompile Include="..\yhgui\Container.cpp">
      <Filter>yhgui</Filter>
    </ClCompile>
    <ClCompile Include="..\yhgui\List.cpp">
      <Filter>yhgui</Filter>
    </ClCompile>
    <ClCompile Include="..\yhgui\Panel.cpp">
      <Filter>yhgui</Filter>
    </ClCompile>
    <ClCompile Include="..\yhgui\ScrollPanel.cpp">
      <Filter>yhgui</Filter>
    </ClCompile>
    <ClCompile Include="..\yhgui\builder\BuilderHandle.cpp">
      <Filter>yhgui\builder</Filter>
    </ClCompile>
    <ClCompile Include="..\yhgui\builder\UIBuilder.cpp">
      <Filter>yhgui\builder</Filter>
    </ClCompile>
    <ClCompile Include="..\yhgui\builder\UIBuilderSimple.cpp">
      <Filter>yhgui\builder</Filter>
    </ClCompile>
    <ClCompile Include="..\yhgui\control\Button.cpp">
      <Filter>yhgui\control</Filter>
    </ClCompile>
    <ClCompile Include="..\yhgui\control\Control.cpp">
      <Filter>yhgui\control</Filter>
    </ClCompile>
    <ClCompile Include="..\yhgui\event\UIEventListenerManager.cpp">
      <Filter>yhgui\event</Filter>
    </ClCompile>
    <ClCompile Include="..\yhgui\mobie\ListView.cpp">
      <Filter>yhgui\mobie</Filter>
    </ClCompile>
    <ClCompile Include="..\yhgui\mobie\ScrollView.cpp">
      <Filter>yhgui\mobie</Filter>
    </ClCompile>
    <ClCompile Include="..\yhgui\mobie\View.cpp">
      <Filter>yhgui\mobie</Filter>
    </ClCompile>
    <ClCompile Include="..\Libs\Event\Event.cpp">
      <Filter>Libs\Event</Filter>
    </ClCompile>
    <ClCompile Include="..\Libs\Event\EventHandle.cpp">
      <Filter>Libs\Event</Filter>
    </ClCompile>
    <ClCompile Include="..\Libs\Event\EventHandleD.cpp">
      <Filter>Libs\Event</Filter>
    </ClCompile>
    <ClCompile Include="..\Libs\Event\EventHandleWrap.cpp">
      <Filter>Libs\Event</Filter>
    </ClCompile>
    <ClCompile Include="..\Libs\Event\EventListenerManager.cpp">
      <Filter>Libs\Event</Filter>
    </ClCompile>
    <ClCompile Include="..\Libs\Event\UIEvent.cpp">
      <Filter>Libs\Event</Filter>
    </ClCompile>
    <ClCompile Include="..\Libs\Jsoncpp\src\lib_json\json_reader.cpp">
      <Filter>Libs\Jsoncpp\src\lib_json</Filter>
    </ClCompile>
    <ClCompile Include="..\Libs\Jsoncpp\src\lib_json\json_value.cpp">
      <Filter>Libs\Jsoncpp\src\lib_json</Filter>
    </ClCompile>
    <ClCompile Include="..\Libs\Jsoncpp\src\lib_json\json_writer.cpp">
      <Filter>Libs\Jsoncpp\src\lib_json</Filter>
    </ClCompile>
  </ItemGroup>
  <ItemGroup>
    <ClInclude Include="main.h">
      <Filter>win32</Filter>
    </ClInclude>
    <ClInclude Include="..\Classes\AppDelegate.h">
      <Filter>Classes</Filter>
    </ClInclude>
    <ClInclude Include="..\Classes\HelloWorldScene.h">
      <Filter>Classes</Filter>
    </ClInclude>
    <ClInclude Include="..\yhgui\Component.h">
      <Filter>yhgui</Filter>
    </ClInclude>
    <ClInclude Include="..\yhgui\Container.h">
      <Filter>yhgui</Filter>
    </ClInclude>
    <ClInclude Include="..\yhgui\List.h">
      <Filter>yhgui</Filter>
    </ClInclude>
    <ClInclude Include="..\yhgui\Panel.h">
      <Filter>yhgui</Filter>
    </ClInclude>
    <ClInclude Include="..\yhgui\ScrollPanel.h">
      <Filter>yhgui</Filter>
    </ClInclude>
    <ClInclude Include="..\yhgui\yhgui.h">
      <Filter>yhgui</Filter>
    </ClInclude>
    <ClInclude Include="..\yhgui\YHGUIMacros.h">
      <Filter>yhgui</Filter>
    </ClInclude>
    <ClInclude Include="..\yhgui\builder\BuilderHandle.h">
      <Filter>yhgui\builder</Filter>
    </ClInclude>
    <ClInclude Include="..\yhgui\builder\UIBuilder.h">
      <Filter>yhgui\builder</Filter>
    </ClInclude>
    <ClInclude Include="..\yhgui\builder\UIBuilderSimple.h">
      <Filter>yhgui\builder</Filter>
    </ClInclude>
    <ClInclude Include="..\yhgui\control\Button.h">
      <Filter>yhgui\control</Filter>
    </ClInclude>
    <ClInclude Include="..\yhgui\control\Control.h">
      <Filter>yhgui\control</Filter>
    </ClInclude>
    <ClInclude Include="..\yhgui\event\UIEventListenerManager.h">
      <Filter>yhgui\event</Filter>
    </ClInclude>
    <ClInclude Include="..\yhgui\mobie\ListView.h">
      <Filter>yhgui\mobie</Filter>
    </ClInclude>
    <ClInclude Include="..\yhgui\mobie\ScrollView.h">
      <Filter>yhgui\mobie</Filter>
    </ClInclude>
    <ClInclude Include="..\yhgui\mobie\View.h">
      <Filter>yhgui\mobie</Filter>
    </ClInclude>
    <ClInclude Include="..\Libs\Event\Event.h">
      <Filter>Libs\Event</Filter>
    </ClInclude>
    <ClInclude Include="..\Libs\Event\EventHandle.h">
      <Filter>Libs\Event</Filter>
    </ClInclude>
    <ClInclude Include="..\Libs\Event\EventHandleD.h">
      <Filter>Libs\Event</Filter>
    </ClInclude>
    <ClInclude Include="..\Libs\Event\EventHandleWrap.h">
      <Filter>Libs\Event</Filter>
    </ClInclude>
    <ClInclude Include="..\Libs\Event\EventListenerManager.h">
      <Filter>Libs\Event</Filter>
    </ClInclude>
    <ClInclude Include="..\Libs\Event\EventTarget.h">
      <Filter>Libs\Event</Filter>
    </ClInclude>
    <ClInclude Include="..\Libs\Event\IEventTarget.h">
      <Filter>Libs\Event</Filter>
    </ClInclude>
    <ClInclude Include="..\Libs\Event\UIEvent.h">
      <Filter>Libs\Event</Filter>
    </ClInclude>
    <ClInclude Include="..\Libs\Jsoncpp\include\json\autolink.h">
      <Filter>Libs\Jsoncpp\include\json</Filter>
    </ClInclude>
    <ClInclude Include="..\Libs\Jsoncpp\include\json\config.h">
      <Filter>Libs\Jsoncpp\include\json</Filter>
    </ClInclude>
    <ClInclude Include="..\Libs\Jsoncpp\include\json\features.h">
      <Filter>Libs\Jsoncpp\include\json</Filter>
    </ClInclude>
    <ClInclude Include="..\Libs\Jsoncpp\include\json\forwards.h">
      <Filter>Libs\Jsoncpp\include\json</Filter>
    </ClInclude>
    <ClInclude Include="..\Libs\Jsoncpp\include\json\json.h">
      <Filter>Libs\Jsoncpp\include\json</Filter>
    </ClInclude>
    <ClInclude Include="..\Libs\Jsoncpp\include\json\reader.h">
      <Filter>Libs\Jsoncpp\include\json</Filter>
    </ClInclude>
    <ClInclude Include="..\Libs\Jsoncpp\include\json\value.h">
      <Filter>Libs\Jsoncpp\include\json</Filter>
    </ClInclude>
    <ClInclude Include="..\Libs\Jsoncpp\include\json\writer.h">
      <Filter>Libs\Jsoncpp\include\json</Filter>
    </ClInclude>
    <ClInclude Include="..\Libs\Jsoncpp\src\lib_json\json_batchallocator.h">
      <Filter>Libs\Jsoncpp\src\lib_json</Filter>
    </ClInclude>
  </ItemGroup>
  <ItemGroup>
    <None Include="..\Libs\Jsoncpp\src\lib_json\json_internalarray.inl">
      <Filter>Libs\Jsoncpp\src\lib_json</Filter>
    </None>
    <None Include="..\Libs\Jsoncpp\src\lib_json\json_internalmap.inl">
      <Filter>Libs\Jsoncpp\src\lib_json</Filter>
    </None>
    <None Include="..\Libs\Jsoncpp\src\lib_json\json_valueiterator.inl">
      <Filter>Libs\Jsoncpp\src\lib_json</Filter>
    </None>
  </ItemGroup>
</Project>